
Microsoft Visual Studio Solution File, Format Version 12.00
# Visual Studio Version 16
VisualStudioVersion = 16.0.30804.86
MinimumVisualStudioVersion = 10.0.40219.1
Project("{FAE04EC0-301F-11D3-BF4B-00C04F79EFBC}") = "_001_DrawString", "_001_DrawString\_001_DrawString.csproj", "{80A6DF1F-4654-4BC9-B9D2-9211C60186BB}"
EndProject
Project("{FAE04EC0-301F-11D3-BF4B-00C04F79EFBC}") = "_00_WinForm", "_00_WinForm\_00_WinForm.csproj", "{1A9EFD6B-321E-4D42-8A9A-1F2402D4706E}"
EndProject
Project("{FAE04EC0-301F-11D3-BF4B-00C04F79EFBC}") = "_002_KeyPress_Char", "_002_KeyPress_Char\_002_KeyPress_Char.csproj", "{6ACFF4C8-0FA1-49E5-AD5F-0984CCDEE819}"
EndProject
Project("{9A19103F-16F7-4668-BE54-9A1E7A4F7556}") = "_003_KeyPress_Back", "_003-KeyPress_Back\_003_KeyPress_Back.csproj", "{DA8462A0-25F6-4EE9-A0F6-2F7726112D1F}"
EndProject
Project("{FAE04EC0-301F-11D3-BF4B-00C04F79EFBC}") = "_004_DrawLine", "_004_DrawLine\_004_DrawLine.csproj", "{7E68A3DB-3773-404D-A76B-B64065405F68}"
EndProject
Project("{FAE04EC0-301F-11D3-BF4B-00C04F79EFBC}") = "_005_DrawRectangle", "_005_DrawRectangle\_005_DrawRectangle.csproj", "{B66F6533-23C5-414B-92E9-09A25909E2EA}"
EndProject
Project("{FAE04EC0-301F-11D3-BF4B-00C04F79EFBC}") = "_006_DrawEllipse", "_006_DrawEllipse\_006_DrawEllipse.csproj", "{909FDB6D-8E98-42CC-821C-F79FB5241E31}"
EndProject
Project("{9A19103F-16F7-4668-BE54-9A1E7A4F7556}") = "_007_MoveEllipse", "_007_MoveEllipse\_007_MoveEllipse.csproj", "{A89122B4-D2EB-476E-9912-899BF70FB078}"
EndProject
Project("{9A19103F-16F7-4668-BE54-9A1E7A4F7556}") = "_008_MoveEllipse_Boundary", "_008_MoveEllipse_Boundary\_008_MoveEllipse_Boundary.csproj", "{01768871-271A-4037-BA47-A74A8D17650B}"
EndProject
Project("{9A19103F-16F7-4668-BE54-9A1E7A4F7556}") = "_009_MoveEllipse_Timer", "_009_MoveEllipse_Timer\_009_MoveEllipse_Timer.csproj", "{2FBA0A7E-CE94-46F5-9CB8-47516CE13080}"
EndProject
Project("{9A19103F-16F7-4668-BE54-9A1E7A4F7556}") = "_010_MoveEllipse_Timer", "_010_MoveEllipse_Timer\_010_MoveEllipse_Timer.csproj", "{262DCA9F-94E6-4EDA-BA9E-F12D6658B39D}"
EndProject
Project("{9A19103F-16F7-4668-BE54-9A1E7A4F7556}") = "_011_MoveEllipse_Timer", "_011_MoveEllipse_Timer\_011_MoveEllipse_Timer.csproj", "{3DF55D17-3E9E-4421-998D-6DF68272CB8E}"
EndProject
Project("{9A19103F-16F7-4668-BE54-9A1E7A4F7556}") = "_012_MoveEllipse_Timer", "_012_MoveEllipse_Timer\_012_MoveEllipse_Timer.csproj", "{1C96CFC5-B4EC-4E08-8CE4-0558F3F35360}"
EndProject
Project("{9A19103F-16F7-4668-BE54-9A1E7A4F7556}") = "_013_MouseSelectEllipse", "_013_MouseSelectEllipse\_013_MouseSelectEllipse.csproj", "{E0CE3731-4CBE-4B4F-AE75-C69AA89EDF8C}"
EndProject
Project("{9A19103F-16F7-4668-BE54-9A1E7A4F7556}") = "_014_MouseSelectEllipse_Move", "_014_MouseSelectEllipse_Move\_014_MouseSelectEllipse_Move.csproj", "{E301E58A-0C27-4106-9384-9F3661FA3044}"
EndProject
Project("{9A19103F-16F7-4668-BE54-9A1E7A4F7556}") = "_015_ImageTile", "_015_ImageTile\_015_ImageTile.csproj", "{EF9091B7-083D-47C2-ADEC-62E947DC3922}"
EndProject
Project("{9A19103F-16F7-4668-BE54-9A1E7A4F7556}") = "_016_TextureBrush", "_016_TextureBrush\_016_TextureBrush.csproj", "{5A9A732A-19D0-4374-AEB2-DFB27F0F43EF}"
EndProject
Project("{9A19103F-16F7-4668-BE54-9A1E7A4F7556}") = "_017_DrawImage", "_017_DrawImage\_017_DrawImage.csproj", "{B422DC81-24C5-4889-8EC8-8704AA5286F6}"
EndProject
Project("{9A19103F-16F7-4668-BE54-9A1E7A4F7556}") = "_0001_HomeWork_0616", "_0001_HomeWork_0616\_0001_HomeWork_0616.csproj", "{EE4C2A60-3549-4B22-BAAC-293AA193003C}"
EndProject
Project("{9A19103F-16F7-4668-BE54-9A1E7A4F7556}") = "_0001_HomeWork_0616_1", "_0001_HomeWork_0616_1\_0001_HomeWork_0616_1.csproj", "{5CB186C0-AF4E-433C-A96C-622881D0282C}"
EndProject
Project("{9A19103F-16F7-4668-BE54-9A1E7A4F7556}") = "_0001_HomeWork_0616_2", "_0001_HomeWork_0616_2\_0001_HomeWork_0616_2.csproj", "{E478AB43-5104-4923-B66B-24CF68521262}"
EndProject
Project("{9A19103F-16F7-4668-BE54-9A1E7A4F7556}") = "_0001_HomeWork_0616_3", "_0001_HomeWork_0616_3\_0001_HomeWork_0616_3.csproj", "{3504EE4A-B88F-48C6-B2B7-39814A89BB9D}"
EndProject
Project("{9A19103F-16F7-4668-BE54-9A1E7A4F7556}") = "_0001_HomeWork_0616_4", "_0001_HomeWork_0616_4\_0001_HomeWork_0616_4.csproj", "{A75CF572-87C2-4428-A98E-7397DB705A55}"
EndProject
Project("{9A19103F-16F7-4668-BE54-9A1E7A4F7556}") = "_0001_HomeWork_0616_5", "_0001_HomeWork_0616_5\_0001_HomeWork_0616_5.csproj", "{54886A1C-1CDC-4332-A4F7-D4EC712EB173}"
EndProject
Project("{9A19103F-16F7-4668-BE54-9A1E7A4F7556}") = "_020_ToolBar", "_020_ToolBar\_020_ToolBar.csproj", "{9C23329A-01F6-4205-B962-B091F5639CF2}"
EndProject
Project("{9A19103F-16F7-4668-BE54-9A1E7A4F7556}") = "_021_CodeButton", "_021_CodeButton\_021_CodeButton.csproj", "{F8827AA9-B4E4-4902-B0D6-E1BF8549E57C}"
EndProject
Project("{9A19103F-16F7-4668-BE54-9A1E7A4F7556}") = "_022_CheckBox_RadioButton", "_022_CheckBox_RadioButton\_022_CheckBox_RadioButton.csproj", "{2685ECA7-0547-4E73-B2AF-E9C4B1E7DD31}"
EndProject
Project("{9A19103F-16F7-4668-BE54-9A1E7A4F7556}") = "_018_Sound", "_018_Sound\_018_Sound.csproj", "{28E77D22-AA27-467A-8536-3F5FD3B2BF2F}"
EndProject
Project("{9A19103F-16F7-4668-BE54-9A1E7A4F7556}") = "_019_Menu", "_019_Menu\_019_Menu.csproj", "{AB8951B5-ECB8-4A7B-906D-BB54A36AA2D4}"
EndProject
Project("{9A19103F-16F7-4668-BE54-9A1E7A4F7556}") = "_0002_HomeWork_0617_1", "_0002_HomeWork_0617_1\_0002_HomeWork_0617_1.csproj", "{7ADA3EF3-2BC8-4E14-8585-3D113DA0AC06}"
EndProject
Project("{9A19103F-16F7-4668-BE54-9A1E7A4F7556}") = "_0002_HomeWork_0617_2", "_0003_HomeWork_0617_2\_0002_HomeWork_0617_2.csproj", "{D602DE66-4023-43FC-90C5-C52AFC97C84E}"
EndProject
Project("{9A19103F-16F7-4668-BE54-9A1E7A4F7556}") = "_0002_HomeWork_0617_3", "_0002_HomeWork_0617_3\_0002_HomeWork_0617_3.csproj", "{A1704BA7-EFF7-46B6-AC83-6A209B5A5728}"
EndProject
Project("{9A19103F-16F7-4668-BE54-9A1E7A4F7556}") = "_0002_HomeWork_0617_4", "_0002_HomeWork_0617_4\_0002_HomeWork_0617_4.csproj", "{C5C48567-5DEB-43F5-819B-493955515671}"
EndProject
Project("{9A19103F-16F7-4668-BE54-9A1E7A4F7556}") = "_0002_HomeWork_0617_m1", "_0002_HomeWork_0617_m1\_0002_HomeWork_0617_m1.csproj", "{87D7089C-4BC1-4AF4-A7DE-B7DAA951AA4B}"
EndProject
Project("{9A19103F-16F7-4668-BE54-9A1E7A4F7556}") = "_0002_HomeWork_0617_m2", "_002_HomeWork_0617_m2\_0002_HomeWork_0617_m2.csproj", "{5D65771B-B9B2-4BA8-937C-B95C8BF0B8FC}"
EndProject
Project("{9A19103F-16F7-4668-BE54-9A1E7A4F7556}") = "_0002_HomeWork_0617_m3", "_002_HomeWork_0617_m3\_0002_HomeWork_0617_m3.csproj", "{971D5A3B-9CD7-49BB-BA33-DBCDFC8DA4DC}"
EndProject
Project("{9A19103F-16F7-4668-BE54-9A1E7A4F7556}") = "_0002_HomeWork_0617_o1", "_0002_HomeWork_0617_o1\_0002_HomeWork_0617_o1.csproj", "{DEB5EC0C-99E2-4CD5-9D1D-F8FCF65FF7C8}"
EndProject
Project("{9A19103F-16F7-4668-BE54-9A1E7A4F7556}") = "_028_Pannel", "_028_Pannel\_028_Pannel.csproj", "{7DA41896-2635-4C0B-AE66-A24C01207E44}"
EndProject
Project("{9A19103F-16F7-4668-BE54-9A1E7A4F7556}") = "_030_Modal", "_030_Modal\_030_Modal.csproj", "{B390AAA1-FCB9-4082-B5BC-F96C00DF2EF8}"
EndProject
Project("{9A19103F-16F7-4668-BE54-9A1E7A4F7556}") = "_031_Modeless", "_031_Modeless\_031_Modeless.csproj", "{CE298968-406B-4DB7-9264-7207D83DDD0A}"
EndProject
Project("{9A19103F-16F7-4668-BE54-9A1E7A4F7556}") = "_023_ListBox", "_023_ListBox\_023_ListBox.csproj", "{152B5FAF-683C-4EC2-9A74-CA59E9696B8D}"
EndProject
Project("{9A19103F-16F7-4668-BE54-9A1E7A4F7556}") = "_024_ListBox_ConboBox", "_024_ListBox_ConboBox\_024_ListBox_ConboBox.csproj", "{48EEEA69-F55C-4AC8-8DB8-1E5F4DA787D8}"
EndProject
Project("{9A19103F-16F7-4668-BE54-9A1E7A4F7556}") = "_025_Progress", "_025_Progress\_025_Progress.csproj", "{E65CFCAE-2197-4FA7-8947-99FD5281F168}"
EndProject
Project("{9A19103F-16F7-4668-BE54-9A1E7A4F7556}") = "_026_ListView", "_026_ListView\_026_ListView.csproj", "{A89D05B9-6CDE-4B3E-AD6A-36BCA0376D0F}"
EndProject
Project("{FAE04EC0-301F-11D3-BF4B-00C04F79EFBC}") = "_027_TreeView", "_027_TreeView\_027_TreeView.csproj", "{4E17CE29-7420-498E-BAC0-18326C2C0958}"
EndProject
Project("{9A19103F-16F7-4668-BE54-9A1E7A4F7556}") = "_029_Spliter", "_029_Spliter\_029_Spliter.csproj", "{674B8E85-31FA-4A1C-8F0F-7CA144FE53B1}"
EndProject
Project("{9A19103F-16F7-4668-BE54-9A1E7A4F7556}") = "_032_MdiForm", "_032_MdiForm\_032_MdiForm.csproj", "{0832CC1B-7DE9-4D92-A9CA-E0FA6BA1C091}"
EndProject
Project("{9A19103F-16F7-4668-BE54-9A1E7A4F7556}") = "_033_FormDrag", "_033_FormDrag\_033_FormDrag.csproj", "{D6CA6A04-4A2A-4D73-AB8B-43EC18714C11}"
EndProject
Project("{9A19103F-16F7-4668-BE54-9A1E7A4F7556}") = "_034_CommonDialog", "_034_CommonDialog\_034_CommonDialog.csproj", "{8D9143A9-00CB-4A87-A93D-570A33B6307E}"
EndProject
Project("{9A19103F-16F7-4668-BE54-9A1E7A4F7556}") = "_0002_HomeWork_0617_p1", "_0002_HomeWork_0617_p1\_0002_HomeWork_0617_p1.csproj", "{F9576A4C-81AA-4F56-AF74-FA149B9B274E}"
EndProject
Project("{9A19103F-16F7-4668-BE54-9A1E7A4F7556}") = "_035_MemoText", "_035_MemoText\_035_MemoText.csproj", "{2FAC46A3-191F-4C12-9F9A-88E735079887}"
EndProject
Project("{9A19103F-16F7-4668-BE54-9A1E7A4F7556}") = "_037_MultiThreadClientForm", "_037_MultiThreadClientForm\_037_MultiThreadClientForm.csproj", "{96C17F9C-80DB-43AD-B12B-2E69F1ABF541}"
EndProject
Project("{9A19103F-16F7-4668-BE54-9A1E7A4F7556}") = "_036_MultiThreadServerForm", "_036_MultiThreadServerForm\_036_MultiThreadServerForm.csproj", "{AB505F04-D11B-4905-909B-23BC52DB19FE}"
EndProject
Project("{FAE04EC0-301F-11D3-BF4B-00C04F79EFBC}") = "_038_DB_Student", "_038_DB_Student\_038_DB_Student.csproj", "{43FB226F-9DBD-4F28-BD86-ADB4337AC8C6}"
EndProject
Global
	GlobalSection(SolutionConfigurationPlatforms) = preSolution
		Debug|Any CPU = Debug|Any CPU
		Debug|x64 = Debug|x64
		Debug|x86 = Debug|x86
		Release|Any CPU = Release|Any CPU
		Release|x64 = Release|x64
		Release|x86 = Release|x86
	EndGlobalSection
	GlobalSection(ProjectConfigurationPlatforms) = postSolution
		{80A6DF1F-4654-4BC9-B9D2-9211C60186BB}.Debug|Any CPU.ActiveCfg = Debug|Any CPU
		{80A6DF1F-4654-4BC9-B9D2-9211C60186BB}.Debug|Any CPU.Build.0 = Debug|Any CPU
		{80A6DF1F-4654-4BC9-B9D2-9211C60186BB}.Debug|x64.ActiveCfg = Debug|Any CPU
		{80A6DF1F-4654-4BC9-B9D2-9211C60186BB}.Debug|x64.Build.0 = Debug|Any CPU
		{80A6DF1F-4654-4BC9-B9D2-9211C60186BB}.Debug|x86.ActiveCfg = Debug|Any CPU
		{80A6DF1F-4654-4BC9-B9D2-9211C60186BB}.Debug|x86.Build.0 = Debug|Any CPU
		{80A6DF1F-4654-4BC9-B9D2-9211C60186BB}.Release|Any CPU.ActiveCfg = Release|Any CPU
		{80A6DF1F-4654-4BC9-B9D2-9211C60186BB}.Release|Any CPU.Build.0 = Release|Any CPU
		{80A6DF1F-4654-4BC9-B9D2-9211C60186BB}.Release|x64.ActiveCfg = Release|Any CPU
		{80A6DF1F-4654-4BC9-B9D2-9211C60186BB}.Release|x64.Build.0 = Release|Any CPU
		{80A6DF1F-4654-4BC9-B9D2-9211C60186BB}.Release|x86.ActiveCfg = Release|Any CPU
		{80A6DF1F-4654-4BC9-B9D2-9211C60186BB}.Release|x86.Build.0 = Release|Any CPU
		{1A9EFD6B-321E-4D42-8A9A-1F2402D4706E}.Debug|Any CPU.ActiveCfg = Debug|Any CPU
		{1A9EFD6B-321E-4D42-8A9A-1F2402D4706E}.Debug|Any CPU.Build.0 = Debug|Any CPU
		{1A9EFD6B-321E-4D42-8A9A-1F2402D4706E}.Debug|x64.ActiveCfg = Debug|Any CPU
		{1A9EFD6B-321E-4D42-8A9A-1F2402D4706E}.Debug|x64.Build.0 = Debug|Any CPU
		{1A9EFD6B-321E-4D42-8A9A-1F2402D4706E}.Debug|x86.ActiveCfg = Debug|Any CPU
		{1A9EFD6B-321E-4D42-8A9A-1F2402D4706E}.Debug|x86.Build.0 = Debug|Any CPU
		{1A9EFD6B-321E-4D42-8A9A-1F2402D4706E}.Release|Any CPU.ActiveCfg = Release|Any CPU
		{1A9EFD6B-321E-4D42-8A9A-1F2402D4706E}.Release|Any CPU.Build.0 = Release|Any CPU
		{1A9EFD6B-321E-4D42-8A9A-1F2402D4706E}.Release|x64.ActiveCfg = Release|Any CPU
		{1A9EFD6B-321E-4D42-8A9A-1F2402D4706E}.Release|x64.Build.0 = Release|Any CPU
		{1A9EFD6B-321E-4D42-8A9A-1F2402D4706E}.Release|x86.ActiveCfg = Release|Any CPU
		{1A9EFD6B-321E-4D42-8A9A-1F2402D4706E}.Release|x86.Build.0 = Release|Any CPU
		{6ACFF4C8-0FA1-49E5-AD5F-0984CCDEE819}.Debug|Any CPU.ActiveCfg = Debug|Any CPU
		{6ACFF4C8-0FA1-49E5-AD5F-0984CCDEE819}.Debug|Any CPU.Build.0 = Debug|Any CPU
		{6ACFF4C8-0FA1-49E5-AD5F-0984CCDEE819}.Debug|x64.ActiveCfg = Debug|Any CPU
		{6ACFF4C8-0FA1-49E5-AD5F-0984CCDEE819}.Debug|x64.Build.0 = Debug|Any CPU
		{6ACFF4C8-0FA1-49E5-AD5F-0984CCDEE819}.Debug|x86.ActiveCfg = Debug|Any CPU
		{6ACFF4C8-0FA1-49E5-AD5F-0984CCDEE819}.Debug|x86.Build.0 = Debug|Any CPU
		{6ACFF4C8-0FA1-49E5-AD5F-0984CCDEE819}.Release|Any CPU.ActiveCfg = Release|Any CPU
		{6ACFF4C8-0FA1-49E5-AD5F-0984CCDEE819}.Release|Any CPU.Build.0 = Release|Any CPU
		{6ACFF4C8-0FA1-49E5-AD5F-0984CCDEE819}.Release|x64.ActiveCfg = Release|Any CPU
		{6ACFF4C8-0FA1-49E5-AD5F-0984CCDEE819}.Release|x64.Build.0 = Release|Any CPU
		{6ACFF4C8-0FA1-49E5-AD5F-0984CCDEE819}.Release|x86.ActiveCfg = Release|Any CPU
		{6ACFF4C8-0FA1-49E5-AD5F-0984CCDEE819}.Release|x86.Build.0 = Release|Any CPU
		{DA8462A0-25F6-4EE9-A0F6-2F7726112D1F}.Debug|Any CPU.ActiveCfg = Debug|Any CPU
		{DA8462A0-25F6-4EE9-A0F6-2F7726112D1F}.Debug|Any CPU.Build.0 = Debug|Any CPU
		{DA8462A0-25F6-4EE9-A0F6-2F7726112D1F}.Debug|x64.ActiveCfg = Debug|Any CPU
		{DA8462A0-25F6-4EE9-A0F6-2F7726112D1F}.Debug|x64.Build.0 = Debug|Any CPU
		{DA8462A0-25F6-4EE9-A0F6-2F7726112D1F}.Debug|x86.ActiveCfg = Debug|Any CPU
		{DA8462A0-25F6-4EE9-A0F6-2F7726112D1F}.Debug|x86.Build.0 = Debug|Any CPU
		{DA8462A0-25F6-4EE9-A0F6-2F7726112D1F}.Release|Any CPU.ActiveCfg = Release|Any CPU
		{DA8462A0-25F6-4EE9-A0F6-2F7726112D1F}.Release|Any CPU.Build.0 = Release|Any CPU
		{DA8462A0-25F6-4EE9-A0F6-2F7726112D1F}.Release|x64.ActiveCfg = Release|Any CPU
		{DA8462A0-25F6-4EE9-A0F6-2F7726112D1F}.Release|x64.Build.0 = Release|Any CPU
		{DA8462A0-25F6-4EE9-A0F6-2F7726112D1F}.Release|x86.ActiveCfg = Release|Any CPU
		{DA8462A0-25F6-4EE9-A0F6-2F7726112D1F}.Release|x86.Build.0 = Release|Any CPU
		{7E68A3DB-3773-404D-A76B-B64065405F68}.Debug|Any CPU.ActiveCfg = Debug|Any CPU
		{7E68A3DB-3773-404D-A76B-B64065405F68}.Debug|Any CPU.Build.0 = Debug|Any CPU
		{7E68A3DB-3773-404D-A76B-B64065405F68}.Debug|x64.ActiveCfg = Debug|Any CPU
		{7E68A3DB-3773-404D-A76B-B64065405F68}.Debug|x64.Build.0 = Debug|Any CPU
		{7E68A3DB-3773-404D-A76B-B64065405F68}.Debug|x86.ActiveCfg = Debug|Any CPU
		{7E68A3DB-3773-404D-A76B-B64065405F68}.Debug|x86.Build.0 = Debug|Any CPU
		{7E68A3DB-3773-404D-A76B-B64065405F68}.Release|Any CPU.ActiveCfg = Release|Any CPU
		{7E68A3DB-3773-404D-A76B-B64065405F68}.Release|Any CPU.Build.0 = Release|Any CPU
		{7E68A3DB-3773-404D-A76B-B64065405F68}.Release|x64.ActiveCfg = Release|Any CPU
		{7E68A3DB-3773-404D-A76B-B64065405F68}.Release|x64.Build.0 = Release|Any CPU
		{7E68A3DB-3773-404D-A76B-B64065405F68}.Release|x86.ActiveCfg = Release|Any CPU
		{7E68A3DB-3773-404D-A76B-B64065405F68}.Release|x86.Build.0 = Release|Any CPU
		{B66F6533-23C5-414B-92E9-09A25909E2EA}.Debug|Any CPU.ActiveCfg = Debug|Any CPU
		{B66F6533-23C5-414B-92E9-09A25909E2EA}.Debug|Any CPU.Build.0 = Debug|Any CPU
		{B66F6533-23C5-414B-92E9-09A25909E2EA}.Debug|x64.ActiveCfg = Debug|Any CPU
		{B66F6533-23C5-414B-92E9-09A25909E2EA}.Debug|x64.Build.0 = Debug|Any CPU
		{B66F6533-23C5-414B-92E9-09A25909E2EA}.Debug|x86.ActiveCfg = Debug|Any CPU
		{B66F6533-23C5-414B-92E9-09A25909E2EA}.Debug|x86.Build.0 = Debug|Any CPU
		{B66F6533-23C5-414B-92E9-09A25909E2EA}.Release|Any CPU.ActiveCfg = Release|Any CPU
		{B66F6533-23C5-414B-92E9-09A25909E2EA}.Release|Any CPU.Build.0 = Release|Any CPU
		{B66F6533-23C5-414B-92E9-09A25909E2EA}.Release|x64.ActiveCfg = Release|Any CPU
		{B66F6533-23C5-414B-92E9-09A25909E2EA}.Release|x64.Build.0 = Release|Any CPU
		{B66F6533-23C5-414B-92E9-09A25909E2EA}.Release|x86.ActiveCfg = Release|Any CPU
		{B66F6533-23C5-414B-92E9-09A25909E2EA}.Release|x86.Build.0 = Release|Any CPU
		{909FDB6D-8E98-42CC-821C-F79FB5241E31}.Debug|Any CPU.ActiveCfg = Debug|Any CPU
		{909FDB6D-8E98-42CC-821C-F79FB5241E31}.Debug|Any CPU.Build.0 = Debug|Any CPU
		{909FDB6D-8E98-42CC-821C-F79FB5241E31}.Debug|x64.ActiveCfg = Debug|Any CPU
		{909FDB6D-8E98-42CC-821C-F79FB5241E31}.Debug|x64.Build.0 = Debug|Any CPU
		{909FDB6D-8E98-42CC-821C-F79FB5241E31}.Debug|x86.ActiveCfg = Debug|Any CPU
		{909FDB6D-8E98-42CC-821C-F79FB5241E31}.Debug|x86.Build.0 = Debug|Any CPU
		{909FDB6D-8E98-42CC-821C-F79FB5241E31}.Release|Any CPU.ActiveCfg = Release|Any CPU
		{909FDB6D-8E98-42CC-821C-F79FB5241E31}.Release|Any CPU.Build.0 = Release|Any CPU
		{909FDB6D-8E98-42CC-821C-F79FB5241E31}.Release|x64.ActiveCfg = Release|Any CPU
		{909FDB6D-8E98-42CC-821C-F79FB5241E31}.Release|x64.Build.0 = Release|Any CPU
		{909FDB6D-8E98-42CC-821C-F79FB5241E31}.Release|x86.ActiveCfg = Release|Any CPU
		{909FDB6D-8E98-42CC-821C-F79FB5241E31}.Release|x86.Build.0 = Release|Any CPU
		{A89122B4-D2EB-476E-9912-899BF70FB078}.Debug|Any CPU.ActiveCfg = Debug|Any CPU
		{A89122B4-D2EB-476E-9912-899BF70FB078}.Debug|Any CPU.Build.0 = Debug|Any CPU
		{A89122B4-D2EB-476E-9912-899BF70FB078}.Debug|x64.ActiveCfg = Debug|Any CPU
		{A89122B4-D2EB-476E-9912-899BF70FB078}.Debug|x64.Build.0 = Debug|Any CPU
		{A89122B4-D2EB-476E-9912-899BF70FB078}.Debug|x86.ActiveCfg = Debug|Any CPU
		{A89122B4-D2EB-476E-9912-899BF70FB078}.Debug|x86.Build.0 = Debug|Any CPU
		{A89122B4-D2EB-476E-9912-899BF70FB078}.Release|Any CPU.ActiveCfg = Release|Any CPU
		{A89122B4-D2EB-476E-9912-899BF70FB078}.Release|Any CPU.Build.0 = Release|Any CPU
		{A89122B4-D2EB-476E-9912-899BF70FB078}.Release|x64.ActiveCfg = Release|Any CPU
		{A89122B4-D2EB-476E-9912-899BF70FB078}.Release|x64.Build.0 = Release|Any CPU
		{A89122B4-D2EB-476E-9912-899BF70FB078}.Release|x86.ActiveCfg = Release|Any CPU
		{A89122B4-D2EB-476E-9912-899BF70FB078}.Release|x86.Build.0 = Release|Any CPU
		{01768871-271A-4037-BA47-A74A8D17650B}.Debug|Any CPU.ActiveCfg = Debug|Any CPU
		{01768871-271A-4037-BA47-A74A8D17650B}.Debug|Any CPU.Build.0 = Debug|Any CPU
		{01768871-271A-4037-BA47-A74A8D17650B}.Debug|x64.ActiveCfg = Debug|Any CPU
		{01768871-271A-4037-BA47-A74A8D17650B}.Debug|x64.Build.0 = Debug|Any CPU
		{01768871-271A-4037-BA47-A74A8D17650B}.Debug|x86.ActiveCfg = Debug|Any CPU
		{01768871-271A-4037-BA47-A74A8D17650B}.Debug|x86.Build.0 = Debug|Any CPU
		{01768871-271A-4037-BA47-A74A8D17650B}.Release|Any CPU.ActiveCfg = Release|Any CPU
		{01768871-271A-4037-BA47-A74A8D17650B}.Release|Any CPU.Build.0 = Release|Any CPU
		{01768871-271A-4037-BA47-A74A8D17650B}.Release|x64.ActiveCfg = Release|Any CPU
		{01768871-271A-4037-BA47-A74A8D17650B}.Release|x64.Build.0 = Release|Any CPU
		{01768871-271A-4037-BA47-A74A8D17650B}.Release|x86.ActiveCfg = Release|Any CPU
		{01768871-271A-4037-BA47-A74A8D17650B}.Release|x86.Build.0 = Release|Any CPU
		{2FBA0A7E-CE94-46F5-9CB8-47516CE13080}.Debug|Any CPU.ActiveCfg = Debug|Any CPU
		{2FBA0A7E-CE94-46F5-9CB8-47516CE13080}.Debug|Any CPU.Build.0 = Debug|Any CPU
		{2FBA0A7E-CE94-46F5-9CB8-47516CE13080}.Debug|x64.ActiveCfg = Debug|Any CPU
		{2FBA0A7E-CE94-46F5-9CB8-47516CE13080}.Debug|x64.Build.0 = Debug|Any CPU
		{2FBA0A7E-CE94-46F5-9CB8-47516CE13080}.Debug|x86.ActiveCfg = Debug|Any CPU
		{2FBA0A7E-CE94-46F5-9CB8-47516CE13080}.Debug|x86.Build.0 = Debug|Any CPU
		{2FBA0A7E-CE94-46F5-9CB8-47516CE13080}.Release|Any CPU.ActiveCfg = Release|Any CPU
		{2FBA0A7E-CE94-46F5-9CB8-47516CE13080}.Release|Any CPU.Build.0 = Release|Any CPU
		{2FBA0A7E-CE94-46F5-9CB8-47516CE13080}.Release|x64.ActiveCfg = Release|Any CPU
		{2FBA0A7E-CE94-46F5-9CB8-47516CE13080}.Release|x64.Build.0 = Release|Any CPU
		{2FBA0A7E-CE94-46F5-9CB8-47516CE13080}.Release|x86.ActiveCfg = Release|Any CPU
		{2FBA0A7E-CE94-46F5-9CB8-47516CE13080}.Release|x86.Build.0 = Release|Any CPU
		{262DCA9F-94E6-4EDA-BA9E-F12D6658B39D}.Debug|Any CPU.ActiveCfg = Debug|Any CPU
		{262DCA9F-94E6-4EDA-BA9E-F12D6658B39D}.Debug|Any CPU.Build.0 = Debug|Any CPU
		{262DCA9F-94E6-4EDA-BA9E-F12D6658B39D}.Debug|x64.ActiveCfg = Debug|Any CPU
		{262DCA9F-94E6-4EDA-BA9E-F12D6658B39D}.Debug|x64.Build.0 = Debug|Any CPU
		{262DCA9F-94E6-4EDA-BA9E-F12D6658B39D}.Debug|x86.ActiveCfg = Debug|Any CPU
		{262DCA9F-94E6-4EDA-BA9E-F12D6658B39D}.Debug|x86.Build.0 = Debug|Any CPU
		{262DCA9F-94E6-4EDA-BA9E-F12D6658B39D}.Release|Any CPU.ActiveCfg = Release|Any CPU
		{262DCA9F-94E6-4EDA-BA9E-F12D6658B39D}.Release|Any CPU.Build.0 = Release|Any CPU
		{262DCA9F-94E6-4EDA-BA9E-F12D6658B39D}.Release|x64.ActiveCfg = Release|Any CPU
		{262DCA9F-94E6-4EDA-BA9E-F12D6658B39D}.Release|x64.Build.0 = Release|Any CPU
		{262DCA9F-94E6-4EDA-BA9E-F12D6658B39D}.Release|x86.ActiveCfg = Release|Any CPU
		{262DCA9F-94E6-4EDA-BA9E-F12D6658B39D}.Release|x86.Build.0 = Release|Any CPU
		{3DF55D17-3E9E-4421-998D-6DF68272CB8E}.Debug|Any CPU.ActiveCfg = Debug|Any CPU
		{3DF55D17-3E9E-4421-998D-6DF68272CB8E}.Debug|Any CPU.Build.0 = Debug|Any CPU
		{3DF55D17-3E9E-4421-998D-6DF68272CB8E}.Debug|x64.ActiveCfg = Debug|Any CPU
		{3DF55D17-3E9E-4421-998D-6DF68272CB8E}.Debug|x64.Build.0 = Debug|Any CPU
		{3DF55D17-3E9E-4421-998D-6DF68272CB8E}.Debug|x86.ActiveCfg = Debug|Any CPU
		{3DF55D17-3E9E-4421-998D-6DF68272CB8E}.Debug|x86.Build.0 = Debug|Any CPU
		{3DF55D17-3E9E-4421-998D-6DF68272CB8E}.Release|Any CPU.ActiveCfg = Release|Any CPU
		{3DF55D17-3E9E-4421-998D-6DF68272CB8E}.Release|Any CPU.Build.0 = Release|Any CPU
		{3DF55D17-3E9E-4421-998D-6DF68272CB8E}.Release|x64.ActiveCfg = Release|Any CPU
		{3DF55D17-3E9E-4421-998D-6DF68272CB8E}.Release|x64.Build.0 = Release|Any CPU
		{3DF55D17-3E9E-4421-998D-6DF68272CB8E}.Release|x86.ActiveCfg = Release|Any CPU
		{3DF55D17-3E9E-4421-998D-6DF68272CB8E}.Release|x86.Build.0 = Release|Any CPU
		{1C96CFC5-B4EC-4E08-8CE4-0558F3F35360}.Debug|Any CPU.ActiveCfg = Debug|Any CPU
		{1C96CFC5-B4EC-4E08-8CE4-0558F3F35360}.Debug|Any CPU.Build.0 = Debug|Any CPU
		{1C96CFC5-B4EC-4E08-8CE4-0558F3F35360}.Debug|x64.ActiveCfg = Debug|Any CPU
		{1C96CFC5-B4EC-4E08-8CE4-0558F3F35360}.Debug|x64.Build.0 = Debug|Any CPU
		{1C96CFC5-B4EC-4E08-8CE4-0558F3F35360}.Debug|x86.ActiveCfg = Debug|Any CPU
		{1C96CFC5-B4EC-4E08-8CE4-0558F3F35360}.Debug|x86.Build.0 = Debug|Any CPU
		{1C96CFC5-B4EC-4E08-8CE4-0558F3F35360}.Release|Any CPU.ActiveCfg = Release|Any CPU
		{1C96CFC5-B4EC-4E08-8CE4-0558F3F35360}.Release|Any CPU.Build.0 = Release|Any CPU
		{1C96CFC5-B4EC-4E08-8CE4-0558F3F35360}.Release|x64.ActiveCfg = Release|Any CPU
		{1C96CFC5-B4EC-4E08-8CE4-0558F3F35360}.Release|x64.Build.0 = Release|Any CPU
		{1C96CFC5-B4EC-4E08-8CE4-0558F3F35360}.Release|x86.ActiveCfg = Release|Any CPU
		{1C96CFC5-B4EC-4E08-8CE4-0558F3F35360}.Release|x86.Build.0 = Release|Any CPU
		{E0CE3731-4CBE-4B4F-AE75-C69AA89EDF8C}.Debug|Any CPU.ActiveCfg = Debug|Any CPU
		{E0CE3731-4CBE-4B4F-AE75-C69AA89EDF8C}.Debug|Any CPU.Build.0 = Debug|Any CPU
		{E0CE3731-4CBE-4B4F-AE75-C69AA89EDF8C}.Debug|x64.ActiveCfg = Debug|Any CPU
		{E0CE3731-4CBE-4B4F-AE75-C69AA89EDF8C}.Debug|x64.Build.0 = Debug|Any CPU
		{E0CE3731-4CBE-4B4F-AE75-C69AA89EDF8C}.Debug|x86.ActiveCfg = Debug|Any CPU
		{E0CE3731-4CBE-4B4F-AE75-C69AA89EDF8C}.Debug|x86.Build.0 = Debug|Any CPU
		{E0CE3731-4CBE-4B4F-AE75-C69AA89EDF8C}.Release|Any CPU.ActiveCfg = Release|Any CPU
		{E0CE3731-4CBE-4B4F-AE75-C69AA89EDF8C}.Release|Any CPU.Build.0 = Release|Any CPU
		{E0CE3731-4CBE-4B4F-AE75-C69AA89EDF8C}.Release|x64.ActiveCfg = Release|Any CPU
		{E0CE3731-4CBE-4B4F-AE75-C69AA89EDF8C}.Release|x64.Build.0 = Release|Any CPU
		{E0CE3731-4CBE-4B4F-AE75-C69AA89EDF8C}.Release|x86.ActiveCfg = Release|Any CPU
		{E0CE3731-4CBE-4B4F-AE75-C69AA89EDF8C}.Release|x86.Build.0 = Release|Any CPU
		{E301E58A-0C27-4106-9384-9F3661FA3044}.Debug|Any CPU.ActiveCfg = Debug|Any CPU
		{E301E58A-0C27-4106-9384-9F3661FA3044}.Debug|Any CPU.Build.0 = Debug|Any CPU
		{E301E58A-0C27-4106-9384-9F3661FA3044}.Debug|x64.ActiveCfg = Debug|Any CPU
		{E301E58A-0C27-4106-9384-9F3661FA3044}.Debug|x64.Build.0 = Debug|Any CPU
		{E301E58A-0C27-4106-9384-9F3661FA3044}.Debug|x86.ActiveCfg = Debug|Any CPU
		{E301E58A-0C27-4106-9384-9F3661FA3044}.Debug|x86.Build.0 = Debug|Any CPU
		{E301E58A-0C27-4106-9384-9F3661FA3044}.Release|Any CPU.ActiveCfg = Release|Any CPU
		{E301E58A-0C27-4106-9384-9F3661FA3044}.Release|Any CPU.Build.0 = Release|Any CPU
		{E301E58A-0C27-4106-9384-9F3661FA3044}.Release|x64.ActiveCfg = Release|Any CPU
		{E301E58A-0C27-4106-9384-9F3661FA3044}.Release|x64.Build.0 = Release|Any CPU
		{E301E58A-0C27-4106-9384-9F3661FA3044}.Release|x86.ActiveCfg = Release|Any CPU
		{E301E58A-0C27-4106-9384-9F3661FA3044}.Release|x86.Build.0 = Release|Any CPU
		{EF9091B7-083D-47C2-ADEC-62E947DC3922}.Debug|Any CPU.ActiveCfg = Debug|Any CPU
		{EF9091B7-083D-47C2-ADEC-62E947DC3922}.Debug|Any CPU.Build.0 = Debug|Any CPU
		{EF9091B7-083D-47C2-ADEC-62E947DC3922}.Debug|x64.ActiveCfg = Debug|Any CPU
		{EF9091B7-083D-47C2-ADEC-62E947DC3922}.Debug|x64.Build.0 = Debug|Any CPU
		{EF9091B7-083D-47C2-ADEC-62E947DC3922}.Debug|x86.ActiveCfg = Debug|Any CPU
		{EF9091B7-083D-47C2-ADEC-62E947DC3922}.Debug|x86.Build.0 = Debug|Any CPU
		{EF9091B7-083D-47C2-ADEC-62E947DC3922}.Release|Any CPU.ActiveCfg = Release|Any CPU
		{EF9091B7-083D-47C2-ADEC-62E947DC3922}.Release|Any CPU.Build.0 = Release|Any CPU
		{EF9091B7-083D-47C2-ADEC-62E947DC3922}.Release|x64.ActiveCfg = Release|Any CPU
		{EF9091B7-083D-47C2-ADEC-62E947DC3922}.Release|x64.Build.0 = Release|Any CPU
		{EF9091B7-083D-47C2-ADEC-62E947DC3922}.Release|x86.ActiveCfg = Release|Any CPU
		{EF9091B7-083D-47C2-ADEC-62E947DC3922}.Release|x86.Build.0 = Release|Any CPU
		{5A9A732A-19D0-4374-AEB2-DFB27F0F43EF}.Debug|Any CPU.ActiveCfg = Debug|Any CPU
		{5A9A732A-19D0-4374-AEB2-DFB27F0F43EF}.Debug|Any CPU.Build.0 = Debug|Any CPU
		{5A9A732A-19D0-4374-AEB2-DFB27F0F43EF}.Debug|x64.ActiveCfg = Debug|Any CPU
		{5A9A732A-19D0-4374-AEB2-DFB27F0F43EF}.Debug|x64.Build.0 = Debug|Any CPU
		{5A9A732A-19D0-4374-AEB2-DFB27F0F43EF}.Debug|x86.ActiveCfg = Debug|Any CPU
		{5A9A732A-19D0-4374-AEB2-DFB27F0F43EF}.Debug|x86.Build.0 = Debug|Any CPU
		{5A9A732A-19D0-4374-AEB2-DFB27F0F43EF}.Release|Any CPU.ActiveCfg = Release|Any CPU
		{5A9A732A-19D0-4374-AEB2-DFB27F0F43EF}.Release|Any CPU.Build.0 = Release|Any CPU
		{5A9A732A-19D0-4374-AEB2-DFB27F0F43EF}.Release|x64.ActiveCfg = Release|Any CPU
		{5A9A732A-19D0-4374-AEB2-DFB27F0F43EF}.Release|x64.Build.0 = Release|Any CPU
		{5A9A732A-19D0-4374-AEB2-DFB27F0F43EF}.Release|x86.ActiveCfg = Release|Any CPU
		{5A9A732A-19D0-4374-AEB2-DFB27F0F43EF}.Release|x86.Build.0 = Release|Any CPU
		{B422DC81-24C5-4889-8EC8-8704AA5286F6}.Debug|Any CPU.ActiveCfg = Debug|Any CPU
		{B422DC81-24C5-4889-8EC8-8704AA5286F6}.Debug|Any CPU.Build.0 = Debug|Any CPU
		{B422DC81-24C5-4889-8EC8-8704AA5286F6}.Debug|x64.ActiveCfg = Debug|Any CPU
		{B422DC81-24C5-4889-8EC8-8704AA5286F6}.Debug|x64.Build.0 = Debug|Any CPU
		{B422DC81-24C5-4889-8EC8-8704AA5286F6}.Debug|x86.ActiveCfg = Debug|Any CPU
		{B422DC81-24C5-4889-8EC8-8704AA5286F6}.Debug|x86.Build.0 = Debug|Any CPU
		{B422DC81-24C5-4889-8EC8-8704AA5286F6}.Release|Any CPU.ActiveCfg = Release|Any CPU
		{B422DC81-24C5-4889-8EC8-8704AA5286F6}.Release|Any CPU.Build.0 = Release|Any CPU
		{B422DC81-24C5-4889-8EC8-8704AA5286F6}.Release|x64.ActiveCfg = Release|Any CPU
		{B422DC81-24C5-4889-8EC8-8704AA5286F6}.Release|x64.Build.0 = Release|Any CPU
		{B422DC81-24C5-4889-8EC8-8704AA5286F6}.Release|x86.ActiveCfg = Release|Any CPU
		{B422DC81-24C5-4889-8EC8-8704AA5286F6}.Release|x86.Build.0 = Release|Any CPU
		{EE4C2A60-3549-4B22-BAAC-293AA193003C}.Debug|Any CPU.ActiveCfg = Debug|Any CPU
		{EE4C2A60-3549-4B22-BAAC-293AA193003C}.Debug|Any CPU.Build.0 = Debug|Any CPU
		{EE4C2A60-3549-4B22-BAAC-293AA193003C}.Debug|x64.ActiveCfg = Debug|Any CPU
		{EE4C2A60-3549-4B22-BAAC-293AA193003C}.Debug|x64.Build.0 = Debug|Any CPU
		{EE4C2A60-3549-4B22-BAAC-293AA193003C}.Debug|x86.ActiveCfg = Debug|Any CPU
		{EE4C2A60-3549-4B22-BAAC-293AA193003C}.Debug|x86.Build.0 = Debug|Any CPU
		{EE4C2A60-3549-4B22-BAAC-293AA193003C}.Release|Any CPU.ActiveCfg = Release|Any CPU
		{EE4C2A60-3549-4B22-BAAC-293AA193003C}.Release|Any CPU.Build.0 = Release|Any CPU
		{EE4C2A60-3549-4B22-BAAC-293AA193003C}.Release|x64.ActiveCfg = Release|Any CPU
		{EE4C2A60-3549-4B22-BAAC-293AA193003C}.Release|x64.Build.0 = Release|Any CPU
		{EE4C2A60-3549-4B22-BAAC-293AA193003C}.Release|x86.ActiveCfg = Release|Any CPU
		{EE4C2A60-3549-4B22-BAAC-293AA193003C}.Release|x86.Build.0 = Release|Any CPU
		{5CB186C0-AF4E-433C-A96C-622881D0282C}.Debug|Any CPU.ActiveCfg = Debug|Any CPU
		{5CB186C0-AF4E-433C-A96C-622881D0282C}.Debug|Any CPU.Build.0 = Debug|Any CPU
		{5CB186C0-AF4E-433C-A96C-622881D0282C}.Debug|x64.ActiveCfg = Debug|Any CPU
		{5CB186C0-AF4E-433C-A96C-622881D0282C}.Debug|x64.Build.0 = Debug|Any CPU
		{5CB186C0-AF4E-433C-A96C-622881D0282C}.Debug|x86.ActiveCfg = Debug|Any CPU
		{5CB186C0-AF4E-433C-A96C-622881D0282C}.Debug|x86.Build.0 = Debug|Any CPU
		{5CB186C0-AF4E-433C-A96C-622881D0282C}.Release|Any CPU.ActiveCfg = Release|Any CPU
		{5CB186C0-AF4E-433C-A96C-622881D0282C}.Release|Any CPU.Build.0 = Release|Any CPU
		{5CB186C0-AF4E-433C-A96C-622881D0282C}.Release|x64.ActiveCfg = Release|Any CPU
		{5CB186C0-AF4E-433C-A96C-622881D0282C}.Release|x64.Build.0 = Release|Any CPU
		{5CB186C0-AF4E-433C-A96C-622881D0282C}.Release|x86.ActiveCfg = Release|Any CPU
		{5CB186C0-AF4E-433C-A96C-622881D0282C}.Release|x86.Build.0 = Release|Any CPU
		{E478AB43-5104-4923-B66B-24CF68521262}.Debug|Any CPU.ActiveCfg = Debug|Any CPU
		{E478AB43-5104-4923-B66B-24CF68521262}.Debug|Any CPU.Build.0 = Debug|Any CPU
		{E478AB43-5104-4923-B66B-24CF68521262}.Debug|x64.ActiveCfg = Debug|Any CPU
		{E478AB43-5104-4923-B66B-24CF68521262}.Debug|x64.Build.0 = Debug|Any CPU
		{E478AB43-5104-4923-B66B-24CF68521262}.Debug|x86.ActiveCfg = Debug|Any CPU
		{E478AB43-5104-4923-B66B-24CF68521262}.Debug|x86.Build.0 = Debug|Any CPU
		{E478AB43-5104-4923-B66B-24CF68521262}.Release|Any CPU.ActiveCfg = Release|Any CPU
		{E478AB43-5104-4923-B66B-24CF68521262}.Release|Any CPU.Build.0 = Release|Any CPU
		{E478AB43-5104-4923-B66B-24CF68521262}.Release|x64.ActiveCfg = Release|Any CPU
		{E478AB43-5104-4923-B66B-24CF68521262}.Release|x64.Build.0 = Release|Any CPU
		{E478AB43-5104-4923-B66B-24CF68521262}.Release|x86.ActiveCfg = Release|Any CPU
		{E478AB43-5104-4923-B66B-24CF68521262}.Release|x86.Build.0 = Release|Any CPU
		{3504EE4A-B88F-48C6-B2B7-39814A89BB9D}.Debug|Any CPU.ActiveCfg = Debug|Any CPU
		{3504EE4A-B88F-48C6-B2B7-39814A89BB9D}.Debug|Any CPU.Build.0 = Debug|Any CPU
		{3504EE4A-B88F-48C6-B2B7-39814A89BB9D}.Debug|x64.ActiveCfg = Debug|Any CPU
		{3504EE4A-B88F-48C6-B2B7-39814A89BB9D}.Debug|x64.Build.0 = Debug|Any CPU
		{3504EE4A-B88F-48C6-B2B7-39814A89BB9D}.Debug|x86.ActiveCfg = Debug|Any CPU
		{3504EE4A-B88F-48C6-B2B7-39814A89BB9D}.Debug|x86.Build.0 = Debug|Any CPU
		{3504EE4A-B88F-48C6-B2B7-39814A89BB9D}.Release|Any CPU.ActiveCfg = Release|Any CPU
		{3504EE4A-B88F-48C6-B2B7-39814A89BB9D}.Release|Any CPU.Build.0 = Release|Any CPU
		{3504EE4A-B88F-48C6-B2B7-39814A89BB9D}.Release|x64.ActiveCfg = Release|Any CPU
		{3504EE4A-B88F-48C6-B2B7-39814A89BB9D}.Release|x64.Build.0 = Release|Any CPU
		{3504EE4A-B88F-48C6-B2B7-39814A89BB9D}.Release|x86.ActiveCfg = Release|Any CPU
		{3504EE4A-B88F-48C6-B2B7-39814A89BB9D}.Release|x86.Build.0 = Release|Any CPU
		{A75CF572-87C2-4428-A98E-7397DB705A55}.Debug|Any CPU.ActiveCfg = Debug|Any CPU
		{A75CF572-87C2-4428-A98E-7397DB705A55}.Debug|Any CPU.Build.0 = Debug|Any CPU
		{A75CF572-87C2-4428-A98E-7397DB705A55}.Debug|x64.ActiveCfg = Debug|Any CPU
		{A75CF572-87C2-4428-A98E-7397DB705A55}.Debug|x64.Build.0 = Debug|Any CPU
		{A75CF572-87C2-4428-A98E-7397DB705A55}.Debug|x86.ActiveCfg = Debug|Any CPU
		{A75CF572-87C2-4428-A98E-7397DB705A55}.Debug|x86.Build.0 = Debug|Any CPU
		{A75CF572-87C2-4428-A98E-7397DB705A55}.Release|Any CPU.ActiveCfg = Release|Any CPU
		{A75CF572-87C2-4428-A98E-7397DB705A55}.Release|Any CPU.Build.0 = Release|Any CPU
		{A75CF572-87C2-4428-A98E-7397DB705A55}.Release|x64.ActiveCfg = Release|Any CPU
		{A75CF572-87C2-4428-A98E-7397DB705A55}.Release|x64.Build.0 = Release|Any CPU
		{A75CF572-87C2-4428-A98E-7397DB705A55}.Release|x86.ActiveCfg = Release|Any CPU
		{A75CF572-87C2-4428-A98E-7397DB705A55}.Release|x86.Build.0 = Release|Any CPU
		{54886A1C-1CDC-4332-A4F7-D4EC712EB173}.Debug|Any CPU.ActiveCfg = Debug|Any CPU
		{54886A1C-1CDC-4332-A4F7-D4EC712EB173}.Debug|Any CPU.Build.0 = Debug|Any CPU
		{54886A1C-1CDC-4332-A4F7-D4EC712EB173}.Debug|x64.ActiveCfg = Debug|Any CPU
		{54886A1C-1CDC-4332-A4F7-D4EC712EB173}.Debug|x64.Build.0 = Debug|Any CPU
		{54886A1C-1CDC-4332-A4F7-D4EC712EB173}.Debug|x86.ActiveCfg = Debug|Any CPU
		{54886A1C-1CDC-4332-A4F7-D4EC712EB173}.Debug|x86.Build.0 = Debug|Any CPU
		{54886A1C-1CDC-4332-A4F7-D4EC712EB173}.Release|Any CPU.ActiveCfg = Release|Any CPU
		{54886A1C-1CDC-4332-A4F7-D4EC712EB173}.Release|Any CPU.Build.0 = Release|Any CPU
		{54886A1C-1CDC-4332-A4F7-D4EC712EB173}.Release|x64.ActiveCfg = Release|Any CPU
		{54886A1C-1CDC-4332-A4F7-D4EC712EB173}.Release|x64.Build.0 = Release|Any CPU
		{54886A1C-1CDC-4332-A4F7-D4EC712EB173}.Release|x86.ActiveCfg = Release|Any CPU
		{54886A1C-1CDC-4332-A4F7-D4EC712EB173}.Release|x86.Build.0 = Release|Any CPU
		{9C23329A-01F6-4205-B962-B091F5639CF2}.Debug|Any CPU.ActiveCfg = Debug|Any CPU
		{9C23329A-01F6-4205-B962-B091F5639CF2}.Debug|Any CPU.Build.0 = Debug|Any CPU
		{9C23329A-01F6-4205-B962-B091F5639CF2}.Debug|x64.ActiveCfg = Debug|Any CPU
		{9C23329A-01F6-4205-B962-B091F5639CF2}.Debug|x64.Build.0 = Debug|Any CPU
		{9C23329A-01F6-4205-B962-B091F5639CF2}.Debug|x86.ActiveCfg = Debug|Any CPU
		{9C23329A-01F6-4205-B962-B091F5639CF2}.Debug|x86.Build.0 = Debug|Any CPU
		{9C23329A-01F6-4205-B962-B091F5639CF2}.Release|Any CPU.ActiveCfg = Release|Any CPU
		{9C23329A-01F6-4205-B962-B091F5639CF2}.Release|Any CPU.Build.0 = Release|Any CPU
		{9C23329A-01F6-4205-B962-B091F5639CF2}.Release|x64.ActiveCfg = Release|Any CPU
		{9C23329A-01F6-4205-B962-B091F5639CF2}.Release|x64.Build.0 = Release|Any CPU
		{9C23329A-01F6-4205-B962-B091F5639CF2}.Release|x86.ActiveCfg = Release|Any CPU
		{9C23329A-01F6-4205-B962-B091F5639CF2}.Release|x86.Build.0 = Release|Any CPU
		{F8827AA9-B4E4-4902-B0D6-E1BF8549E57C}.Debug|Any CPU.ActiveCfg = Debug|Any CPU
		{F8827AA9-B4E4-4902-B0D6-E1BF8549E57C}.Debug|Any CPU.Build.0 = Debug|Any CPU
		{F8827AA9-B4E4-4902-B0D6-E1BF8549E57C}.Debug|x64.ActiveCfg = Debug|Any CPU
		{F8827AA9-B4E4-4902-B0D6-E1BF8549E57C}.Debug|x64.Build.0 = Debug|Any CPU
		{F8827AA9-B4E4-4902-B0D6-E1BF8549E57C}.Debug|x86.ActiveCfg = Debug|Any CPU
		{F8827AA9-B4E4-4902-B0D6-E1BF8549E57C}.Debug|x86.Build.0 = Debug|Any CPU
		{F8827AA9-B4E4-4902-B0D6-E1BF8549E57C}.Release|Any CPU.ActiveCfg = Release|Any CPU
		{F8827AA9-B4E4-4902-B0D6-E1BF8549E57C}.Release|Any CPU.Build.0 = Release|Any CPU
		{F8827AA9-B4E4-4902-B0D6-E1BF8549E57C}.Release|x64.ActiveCfg = Release|Any CPU
		{F8827AA9-B4E4-4902-B0D6-E1BF8549E57C}.Release|x64.Build.0 = Release|Any CPU
		{F8827AA9-B4E4-4902-B0D6-E1BF8549E57C}.Release|x86.ActiveCfg = Release|Any CPU
		{F8827AA9-B4E4-4902-B0D6-E1BF8549E57C}.Release|x86.Build.0 = Release|Any CPU
		{2685ECA7-0547-4E73-B2AF-E9C4B1E7DD31}.Debug|Any CPU.ActiveCfg = Debug|Any CPU
		{2685ECA7-0547-4E73-B2AF-E9C4B1E7DD31}.Debug|Any CPU.Build.0 = Debug|Any CPU
		{2685ECA7-0547-4E73-B2AF-E9C4B1E7DD31}.Debug|x64.ActiveCfg = Debug|Any CPU
		{2685ECA7-0547-4E73-B2AF-E9C4B1E7DD31}.Debug|x64.Build.0 = Debug|Any CPU
		{2685ECA7-0547-4E73-B2AF-E9C4B1E7DD31}.Debug|x86.ActiveCfg = Debug|Any CPU
		{2685ECA7-0547-4E73-B2AF-E9C4B1E7DD31}.Debug|x86.Build.0 = Debug|Any CPU
		{2685ECA7-0547-4E73-B2AF-E9C4B1E7DD31}.Release|Any CPU.ActiveCfg = Release|Any CPU
		{2685ECA7-0547-4E73-B2AF-E9C4B1E7DD31}.Release|Any CPU.Build.0 = Release|Any CPU
		{2685ECA7-0547-4E73-B2AF-E9C4B1E7DD31}.Release|x64.ActiveCfg = Release|Any CPU
		{2685ECA7-0547-4E73-B2AF-E9C4B1E7DD31}.Release|x64.Build.0 = Release|Any CPU
		{2685ECA7-0547-4E73-B2AF-E9C4B1E7DD31}.Release|x86.ActiveCfg = Release|Any CPU
		{2685ECA7-0547-4E73-B2AF-E9C4B1E7DD31}.Release|x86.Build.0 = Release|Any CPU
		{28E77D22-AA27-467A-8536-3F5FD3B2BF2F}.Debug|Any CPU.ActiveCfg = Debug|Any CPU
		{28E77D22-AA27-467A-8536-3F5FD3B2BF2F}.Debug|Any CPU.Build.0 = Debug|Any CPU
		{28E77D22-AA27-467A-8536-3F5FD3B2BF2F}.Debug|x64.ActiveCfg = Debug|Any CPU
		{28E77D22-AA27-467A-8536-3F5FD3B2BF2F}.Debug|x64.Build.0 = Debug|Any CPU
		{28E77D22-AA27-467A-8536-3F5FD3B2BF2F}.Debug|x86.ActiveCfg = Debug|Any CPU
		{28E77D22-AA27-467A-8536-3F5FD3B2BF2F}.Debug|x86.Build.0 = Debug|Any CPU
		{28E77D22-AA27-467A-8536-3F5FD3B2BF2F}.Release|Any CPU.ActiveCfg = Release|Any CPU
		{28E77D22-AA27-467A-8536-3F5FD3B2BF2F}.Release|Any CPU.Build.0 = Release|Any CPU
		{28E77D22-AA27-467A-8536-3F5FD3B2BF2F}.Release|x64.ActiveCfg = Release|Any CPU
		{28E77D22-AA27-467A-8536-3F5FD3B2BF2F}.Release|x64.Build.0 = Release|Any CPU
		{28E77D22-AA27-467A-8536-3F5FD3B2BF2F}.Release|x86.ActiveCfg = Release|Any CPU
		{28E77D22-AA27-467A-8536-3F5FD3B2BF2F}.Release|x86.Build.0 = Release|Any CPU
		{AB8951B5-ECB8-4A7B-906D-BB54A36AA2D4}.Debug|Any CPU.ActiveCfg = Debug|Any CPU
		{AB8951B5-ECB8-4A7B-906D-BB54A36AA2D4}.Debug|Any CPU.Build.0 = Debug|Any CPU
		{AB8951B5-ECB8-4A7B-906D-BB54A36AA2D4}.Debug|x64.ActiveCfg = Debug|Any CPU
		{AB8951B5-ECB8-4A7B-906D-BB54A36AA2D4}.Debug|x64.Build.0 = Debug|Any CPU
		{AB8951B5-ECB8-4A7B-906D-BB54A36AA2D4}.Debug|x86.ActiveCfg = Debug|Any CPU
		{AB8951B5-ECB8-4A7B-906D-BB54A36AA2D4}.Debug|x86.Build.0 = Debug|Any CPU
		{AB8951B5-ECB8-4A7B-906D-BB54A36AA2D4}.Release|Any CPU.ActiveCfg = Release|Any CPU
		{AB8951B5-ECB8-4A7B-906D-BB54A36AA2D4}.Release|Any CPU.Build.0 = Release|Any CPU
		{AB8951B5-ECB8-4A7B-906D-BB54A36AA2D4}.Release|x64.ActiveCfg = Release|Any CPU
		{AB8951B5-ECB8-4A7B-906D-BB54A36AA2D4}.Release|x64.Build.0 = Release|Any CPU
		{AB8951B5-ECB8-4A7B-906D-BB54A36AA2D4}.Release|x86.ActiveCfg = Release|Any CPU
		{AB8951B5-ECB8-4A7B-906D-BB54A36AA2D4}.Release|x86.Build.0 = Release|Any CPU
		{7ADA3EF3-2BC8-4E14-8585-3D113DA0AC06}.Debug|Any CPU.ActiveCfg = Debug|Any CPU
		{7ADA3EF3-2BC8-4E14-8585-3D113DA0AC06}.Debug|Any CPU.Build.0 = Debug|Any CPU
		{7ADA3EF3-2BC8-4E14-8585-3D113DA0AC06}.Debug|x64.ActiveCfg = Debug|Any CPU
		{7ADA3EF3-2BC8-4E14-8585-3D113DA0AC06}.Debug|x64.Build.0 = Debug|Any CPU
		{7ADA3EF3-2BC8-4E14-8585-3D113DA0AC06}.Debug|x86.ActiveCfg = Debug|Any CPU
		{7ADA3EF3-2BC8-4E14-8585-3D113DA0AC06}.Debug|x86.Build.0 = Debug|Any CPU
		{7ADA3EF3-2BC8-4E14-8585-3D113DA0AC06}.Release|Any CPU.ActiveCfg = Release|Any CPU
		{7ADA3EF3-2BC8-4E14-8585-3D113DA0AC06}.Release|Any CPU.Build.0 = Release|Any CPU
		{7ADA3EF3-2BC8-4E14-8585-3D113DA0AC06}.Release|x64.ActiveCfg = Release|Any CPU
		{7ADA3EF3-2BC8-4E14-8585-3D113DA0AC06}.Release|x64.Build.0 = Release|Any CPU
		{7ADA3EF3-2BC8-4E14-8585-3D113DA0AC06}.Release|x86.ActiveCfg = Release|Any CPU
		{7ADA3EF3-2BC8-4E14-8585-3D113DA0AC06}.Release|x86.Build.0 = Release|Any CPU
		{D602DE66-4023-43FC-90C5-C52AFC97C84E}.Debug|Any CPU.ActiveCfg = Debug|Any CPU
		{D602DE66-4023-43FC-90C5-C52AFC97C84E}.Debug|Any CPU.Build.0 = Debug|Any CPU
		{D602DE66-4023-43FC-90C5-C52AFC97C84E}.Debug|x64.ActiveCfg = Debug|Any CPU
		{D602DE66-4023-43FC-90C5-C52AFC97C84E}.Debug|x64.Build.0 = Debug|Any CPU
		{D602DE66-4023-43FC-90C5-C52AFC97C84E}.Debug|x86.ActiveCfg = Debug|Any CPU
		{D602DE66-4023-43FC-90C5-C52AFC97C84E}.Debug|x86.Build.0 = Debug|Any CPU
		{D602DE66-4023-43FC-90C5-C52AFC97C84E}.Release|Any CPU.ActiveCfg = Release|Any CPU
		{D602DE66-4023-43FC-90C5-C52AFC97C84E}.Release|Any CPU.Build.0 = Release|Any CPU
		{D602DE66-4023-43FC-90C5-C52AFC97C84E}.Release|x64.ActiveCfg = Release|Any CPU
		{D602DE66-4023-43FC-90C5-C52AFC97C84E}.Release|x64.Build.0 = Release|Any CPU
		{D602DE66-4023-43FC-90C5-C52AFC97C84E}.Release|x86.ActiveCfg = Release|Any CPU
		{D602DE66-4023-43FC-90C5-C52AFC97C84E}.Release|x86.Build.0 = Release|Any CPU
		{A1704BA7-EFF7-46B6-AC83-6A209B5A5728}.Debug|Any CPU.ActiveCfg = Debug|Any CPU
		{A1704BA7-EFF7-46B6-AC83-6A209B5A5728}.Debug|Any CPU.Build.0 = Debug|Any CPU
		{A1704BA7-EFF7-46B6-AC83-6A209B5A5728}.Debug|x64.ActiveCfg = Debug|Any CPU
		{A1704BA7-EFF7-46B6-AC83-6A209B5A5728}.Debug|x64.Build.0 = Debug|Any CPU
		{A1704BA7-EFF7-46B6-AC83-6A209B5A5728}.Debug|x86.ActiveCfg = Debug|Any CPU
		{A1704BA7-EFF7-46B6-AC83-6A209B5A5728}.Debug|x86.Build.0 = Debug|Any CPU
		{A1704BA7-EFF7-46B6-AC83-6A209B5A5728}.Release|Any CPU.ActiveCfg = Release|Any CPU
		{A1704BA7-EFF7-46B6-AC83-6A209B5A5728}.Release|Any CPU.Build.0 = Release|Any CPU
		{A1704BA7-EFF7-46B6-AC83-6A209B5A5728}.Release|x64.ActiveCfg = Release|Any CPU
		{A1704BA7-EFF7-46B6-AC83-6A209B5A5728}.Release|x64.Build.0 = Release|Any CPU
		{A1704BA7-EFF7-46B6-AC83-6A209B5A5728}.Release|x86.ActiveCfg = Release|Any CPU
		{A1704BA7-EFF7-46B6-AC83-6A209B5A5728}.Release|x86.Build.0 = Release|Any CPU
		{C5C48567-5DEB-43F5-819B-493955515671}.Debug|Any CPU.ActiveCfg = Debug|Any CPU
		{C5C48567-5DEB-43F5-819B-493955515671}.Debug|Any CPU.Build.0 = Debug|Any CPU
		{C5C48567-5DEB-43F5-819B-493955515671}.Debug|x64.ActiveCfg = Debug|Any CPU
		{C5C48567-5DEB-43F5-819B-493955515671}.Debug|x64.Build.0 = Debug|Any CPU
		{C5C48567-5DEB-43F5-819B-493955515671}.Debug|x86.ActiveCfg = Debug|Any CPU
		{C5C48567-5DEB-43F5-819B-493955515671}.Debug|x86.Build.0 = Debug|Any CPU
		{C5C48567-5DEB-43F5-819B-493955515671}.Release|Any CPU.ActiveCfg = Release|Any CPU
		{C5C48567-5DEB-43F5-819B-493955515671}.Release|Any CPU.Build.0 = Release|Any CPU
		{C5C48567-5DEB-43F5-819B-493955515671}.Release|x64.ActiveCfg = Release|Any CPU
		{C5C48567-5DEB-43F5-819B-493955515671}.Release|x64.Build.0 = Release|Any CPU
		{C5C48567-5DEB-43F5-819B-493955515671}.Release|x86.ActiveCfg = Release|Any CPU
		{C5C48567-5DEB-43F5-819B-493955515671}.Release|x86.Build.0 = Release|Any CPU
		{87D7089C-4BC1-4AF4-A7DE-B7DAA951AA4B}.Debug|Any CPU.ActiveCfg = Debug|Any CPU
		{87D7089C-4BC1-4AF4-A7DE-B7DAA951AA4B}.Debug|Any CPU.Build.0 = Debug|Any CPU
		{87D7089C-4BC1-4AF4-A7DE-B7DAA951AA4B}.Debug|x64.ActiveCfg = Debug|Any CPU
		{87D7089C-4BC1-4AF4-A7DE-B7DAA951AA4B}.Debug|x64.Build.0 = Debug|Any CPU
		{87D7089C-4BC1-4AF4-A7DE-B7DAA951AA4B}.Debug|x86.ActiveCfg = Debug|Any CPU
		{87D7089C-4BC1-4AF4-A7DE-B7DAA951AA4B}.Debug|x86.Build.0 = Debug|Any CPU
		{87D7089C-4BC1-4AF4-A7DE-B7DAA951AA4B}.Release|Any CPU.ActiveCfg = Release|Any CPU
		{87D7089C-4BC1-4AF4-A7DE-B7DAA951AA4B}.Release|Any CPU.Build.0 = Release|Any CPU
		{87D7089C-4BC1-4AF4-A7DE-B7DAA951AA4B}.Release|x64.ActiveCfg = Release|Any CPU
		{87D7089C-4BC1-4AF4-A7DE-B7DAA951AA4B}.Release|x64.Build.0 = Release|Any CPU
		{87D7089C-4BC1-4AF4-A7DE-B7DAA951AA4B}.Release|x86.ActiveCfg = Release|Any CPU
		{87D7089C-4BC1-4AF4-A7DE-B7DAA951AA4B}.Release|x86.Build.0 = Release|Any CPU
		{5D65771B-B9B2-4BA8-937C-B95C8BF0B8FC}.Debug|Any CPU.ActiveCfg = Debug|Any CPU
		{5D65771B-B9B2-4BA8-937C-B95C8BF0B8FC}.Debug|Any CPU.Build.0 = Debug|Any CPU
		{5D65771B-B9B2-4BA8-937C-B95C8BF0B8FC}.Debug|x64.ActiveCfg = Debug|Any CPU
		{5D65771B-B9B2-4BA8-937C-B95C8BF0B8FC}.Debug|x64.Build.0 = Debug|Any CPU
		{5D65771B-B9B2-4BA8-937C-B95C8BF0B8FC}.Debug|x86.ActiveCfg = Debug|Any CPU
		{5D65771B-B9B2-4BA8-937C-B95C8BF0B8FC}.Debug|x86.Build.0 = Debug|Any CPU
		{5D65771B-B9B2-4BA8-937C-B95C8BF0B8FC}.Release|Any CPU.ActiveCfg = Release|Any CPU
		{5D65771B-B9B2-4BA8-937C-B95C8BF0B8FC}.Release|Any CPU.Build.0 = Release|Any CPU
		{5D65771B-B9B2-4BA8-937C-B95C8BF0B8FC}.Release|x64.ActiveCfg = Release|Any CPU
		{5D65771B-B9B2-4BA8-937C-B95C8BF0B8FC}.Release|x64.Build.0 = Release|Any CPU
		{5D65771B-B9B2-4BA8-937C-B95C8BF0B8FC}.Release|x86.ActiveCfg = Release|Any CPU
		{5D65771B-B9B2-4BA8-937C-B95C8BF0B8FC}.Release|x86.Build.0 = Release|Any CPU
		{971D5A3B-9CD7-49BB-BA33-DBCDFC8DA4DC}.Debug|Any CPU.ActiveCfg = Debug|Any CPU
		{971D5A3B-9CD7-49BB-BA33-DBCDFC8DA4DC}.Debug|Any CPU.Build.0 = Debug|Any CPU
		{971D5A3B-9CD7-49BB-BA33-DBCDFC8DA4DC}.Debug|x64.ActiveCfg = Debug|Any CPU
		{971D5A3B-9CD7-49BB-BA33-DBCDFC8DA4DC}.Debug|x64.Build.0 = Debug|Any CPU
		{971D5A3B-9CD7-49BB-BA33-DBCDFC8DA4DC}.Debug|x86.ActiveCfg = Debug|Any CPU
		{971D5A3B-9CD7-49BB-BA33-DBCDFC8DA4DC}.Debug|x86.Build.0 = Debug|Any CPU
		{971D5A3B-9CD7-49BB-BA33-DBCDFC8DA4DC}.Release|Any CPU.ActiveCfg = Release|Any CPU
		{971D5A3B-9CD7-49BB-BA33-DBCDFC8DA4DC}.Release|Any CPU.Build.0 = Release|Any CPU
		{971D5A3B-9CD7-49BB-BA33-DBCDFC8DA4DC}.Release|x64.ActiveCfg = Release|Any CPU
		{971D5A3B-9CD7-49BB-BA33-DBCDFC8DA4DC}.Release|x64.Build.0 = Release|Any CPU
		{971D5A3B-9CD7-49BB-BA33-DBCDFC8DA4DC}.Release|x86.ActiveCfg = Release|Any CPU
		{971D5A3B-9CD7-49BB-BA33-DBCDFC8DA4DC}.Release|x86.Build.0 = Release|Any CPU
		{DEB5EC0C-99E2-4CD5-9D1D-F8FCF65FF7C8}.Debug|Any CPU.ActiveCfg = Debug|Any CPU
		{DEB5EC0C-99E2-4CD5-9D1D-F8FCF65FF7C8}.Debug|Any CPU.Build.0 = Debug|Any CPU
		{DEB5EC0C-99E2-4CD5-9D1D-F8FCF65FF7C8}.Debug|x64.ActiveCfg = Debug|Any CPU
		{DEB5EC0C-99E2-4CD5-9D1D-F8FCF65FF7C8}.Debug|x64.Build.0 = Debug|Any CPU
		{DEB5EC0C-99E2-4CD5-9D1D-F8FCF65FF7C8}.Debug|x86.ActiveCfg = Debug|Any CPU
		{DEB5EC0C-99E2-4CD5-9D1D-F8FCF65FF7C8}.Debug|x86.Build.0 = Debug|Any CPU
		{DEB5EC0C-99E2-4CD5-9D1D-F8FCF65FF7C8}.Release|Any CPU.ActiveCfg = Release|Any CPU
		{DEB5EC0C-99E2-4CD5-9D1D-F8FCF65FF7C8}.Release|Any CPU.Build.0 = Release|Any CPU
		{DEB5EC0C-99E2-4CD5-9D1D-F8FCF65FF7C8}.Release|x64.ActiveCfg = Release|Any CPU
		{DEB5EC0C-99E2-4CD5-9D1D-F8FCF65FF7C8}.Release|x64.Build.0 = Release|Any CPU
		{DEB5EC0C-99E2-4CD5-9D1D-F8FCF65FF7C8}.Release|x86.ActiveCfg = Release|Any CPU
		{DEB5EC0C-99E2-4CD5-9D1D-F8FCF65FF7C8}.Release|x86.Build.0 = Release|Any CPU
		{7DA41896-2635-4C0B-AE66-A24C01207E44}.Debug|Any CPU.ActiveCfg = Debug|Any CPU
		{7DA41896-2635-4C0B-AE66-A24C01207E44}.Debug|Any CPU.Build.0 = Debug|Any CPU
		{7DA41896-2635-4C0B-AE66-A24C01207E44}.Debug|x64.ActiveCfg = Debug|Any CPU
		{7DA41896-2635-4C0B-AE66-A24C01207E44}.Debug|x64.Build.0 = Debug|Any CPU
		{7DA41896-2635-4C0B-AE66-A24C01207E44}.Debug|x86.ActiveCfg = Debug|Any CPU
		{7DA41896-2635-4C0B-AE66-A24C01207E44}.Debug|x86.Build.0 = Debug|Any CPU
		{7DA41896-2635-4C0B-AE66-A24C01207E44}.Release|Any CPU.ActiveCfg = Release|Any CPU
		{7DA41896-2635-4C0B-AE66-A24C01207E44}.Release|Any CPU.Build.0 = Release|Any CPU
		{7DA41896-2635-4C0B-AE66-A24C01207E44}.Release|x64.ActiveCfg = Release|Any CPU
		{7DA41896-2635-4C0B-AE66-A24C01207E44}.Release|x64.Build.0 = Release|Any CPU
		{7DA41896-2635-4C0B-AE66-A24C01207E44}.Release|x86.ActiveCfg = Release|Any CPU
		{7DA41896-2635-4C0B-AE66-A24C01207E44}.Release|x86.Build.0 = Release|Any CPU
		{B390AAA1-FCB9-4082-B5BC-F96C00DF2EF8}.Debug|Any CPU.ActiveCfg = Debug|Any CPU
		{B390AAA1-FCB9-4082-B5BC-F96C00DF2EF8}.Debug|Any CPU.Build.0 = Debug|Any CPU
		{B390AAA1-FCB9-4082-B5BC-F96C00DF2EF8}.Debug|x64.ActiveCfg = Debug|Any CPU
		{B390AAA1-FCB9-4082-B5BC-F96C00DF2EF8}.Debug|x64.Build.0 = Debug|Any CPU
		{B390AAA1-FCB9-4082-B5BC-F96C00DF2EF8}.Debug|x86.ActiveCfg = Debug|Any CPU
		{B390AAA1-FCB9-4082-B5BC-F96C00DF2EF8}.Debug|x86.Build.0 = Debug|Any CPU
		{B390AAA1-FCB9-4082-B5BC-F96C00DF2EF8}.Release|Any CPU.ActiveCfg = Release|Any CPU
		{B390AAA1-FCB9-4082-B5BC-F96C00DF2EF8}.Release|Any CPU.Build.0 = Release|Any CPU
		{B390AAA1-FCB9-4082-B5BC-F96C00DF2EF8}.Release|x64.ActiveCfg = Release|Any CPU
		{B390AAA1-FCB9-4082-B5BC-F96C00DF2EF8}.Release|x64.Build.0 = Release|Any CPU
		{B390AAA1-FCB9-4082-B5BC-F96C00DF2EF8}.Release|x86.ActiveCfg = Release|Any CPU
		{B390AAA1-FCB9-4082-B5BC-F96C00DF2EF8}.Release|x86.Build.0 = Release|Any CPU
		{CE298968-406B-4DB7-9264-7207D83DDD0A}.Debug|Any CPU.ActiveCfg = Debug|Any CPU
		{CE298968-406B-4DB7-9264-7207D83DDD0A}.Debug|Any CPU.Build.0 = Debug|Any CPU
		{CE298968-406B-4DB7-9264-7207D83DDD0A}.Debug|x64.ActiveCfg = Debug|Any CPU
		{CE298968-406B-4DB7-9264-7207D83DDD0A}.Debug|x64.Build.0 = Debug|Any CPU
		{CE298968-406B-4DB7-9264-7207D83DDD0A}.Debug|x86.ActiveCfg = Debug|Any CPU
		{CE298968-406B-4DB7-9264-7207D83DDD0A}.Debug|x86.Build.0 = Debug|Any CPU
		{CE298968-406B-4DB7-9264-7207D83DDD0A}.Release|Any CPU.ActiveCfg = Release|Any CPU
		{CE298968-406B-4DB7-9264-7207D83DDD0A}.Release|Any CPU.Build.0 = Release|Any CPU
		{CE298968-406B-4DB7-9264-7207D83DDD0A}.Release|x64.ActiveCfg = Release|Any CPU
		{CE298968-406B-4DB7-9264-7207D83DDD0A}.Release|x64.Build.0 = Release|Any CPU
		{CE298968-406B-4DB7-9264-7207D83DDD0A}.Release|x86.ActiveCfg = Release|Any CPU
		{CE298968-406B-4DB7-9264-7207D83DDD0A}.Release|x86.Build.0 = Release|Any CPU
		{152B5FAF-683C-4EC2-9A74-CA59E9696B8D}.Debug|Any CPU.ActiveCfg = Debug|Any CPU
		{152B5FAF-683C-4EC2-9A74-CA59E9696B8D}.Debug|Any CPU.Build.0 = Debug|Any CPU
		{152B5FAF-683C-4EC2-9A74-CA59E9696B8D}.Debug|x64.ActiveCfg = Debug|Any CPU
		{152B5FAF-683C-4EC2-9A74-CA59E9696B8D}.Debug|x64.Build.0 = Debug|Any CPU
		{152B5FAF-683C-4EC2-9A74-CA59E9696B8D}.Debug|x86.ActiveCfg = Debug|Any CPU
		{152B5FAF-683C-4EC2-9A74-CA59E9696B8D}.Debug|x86.Build.0 = Debug|Any CPU
		{152B5FAF-683C-4EC2-9A74-CA59E9696B8D}.Release|Any CPU.ActiveCfg = Release|Any CPU
		{152B5FAF-683C-4EC2-9A74-CA59E9696B8D}.Release|Any CPU.Build.0 = Release|Any CPU
		{152B5FAF-683C-4EC2-9A74-CA59E9696B8D}.Release|x64.ActiveCfg = Release|Any CPU
		{152B5FAF-683C-4EC2-9A74-CA59E9696B8D}.Release|x64.Build.0 = Release|Any CPU
		{152B5FAF-683C-4EC2-9A74-CA59E9696B8D}.Release|x86.ActiveCfg = Release|Any CPU
		{152B5FAF-683C-4EC2-9A74-CA59E9696B8D}.Release|x86.Build.0 = Release|Any CPU
		{48EEEA69-F55C-4AC8-8DB8-1E5F4DA787D8}.Debug|Any CPU.ActiveCfg = Debug|Any CPU
		{48EEEA69-F55C-4AC8-8DB8-1E5F4DA787D8}.Debug|Any CPU.Build.0 = Debug|Any CPU
		{48EEEA69-F55C-4AC8-8DB8-1E5F4DA787D8}.Debug|x64.ActiveCfg = Debug|Any CPU
		{48EEEA69-F55C-4AC8-8DB8-1E5F4DA787D8}.Debug|x64.Build.0 = Debug|Any CPU
		{48EEEA69-F55C-4AC8-8DB8-1E5F4DA787D8}.Debug|x86.ActiveCfg = Debug|Any CPU
		{48EEEA69-F55C-4AC8-8DB8-1E5F4DA787D8}.Debug|x86.Build.0 = Debug|Any CPU
		{48EEEA69-F55C-4AC8-8DB8-1E5F4DA787D8}.Release|Any CPU.ActiveCfg = Release|Any CPU
		{48EEEA69-F55C-4AC8-8DB8-1E5F4DA787D8}.Release|Any CPU.Build.0 = Release|Any CPU
		{48EEEA69-F55C-4AC8-8DB8-1E5F4DA787D8}.Release|x64.ActiveCfg = Release|Any CPU
		{48EEEA69-F55C-4AC8-8DB8-1E5F4DA787D8}.Release|x64.Build.0 = Release|Any CPU
		{48EEEA69-F55C-4AC8-8DB8-1E5F4DA787D8}.Release|x86.ActiveCfg = Release|Any CPU
		{48EEEA69-F55C-4AC8-8DB8-1E5F4DA787D8}.Release|x86.Build.0 = Release|Any CPU
		{E65CFCAE-2197-4FA7-8947-99FD5281F168}.Debug|Any CPU.ActiveCfg = Debug|Any CPU
		{E65CFCAE-2197-4FA7-8947-99FD5281F168}.Debug|Any CPU.Build.0 = Debug|Any CPU
		{E65CFCAE-2197-4FA7-8947-99FD5281F168}.Debug|x64.ActiveCfg = Debug|Any CPU
		{E65CFCAE-2197-4FA7-8947-99FD5281F168}.Debug|x64.Build.0 = Debug|Any CPU
		{E65CFCAE-2197-4FA7-8947-99FD5281F168}.Debug|x86.ActiveCfg = Debug|Any CPU
		{E65CFCAE-2197-4FA7-8947-99FD5281F168}.Debug|x86.Build.0 = Debug|Any CPU
		{E65CFCAE-2197-4FA7-8947-99FD5281F168}.Release|Any CPU.ActiveCfg = Release|Any CPU
		{E65CFCAE-2197-4FA7-8947-99FD5281F168}.Release|Any CPU.Build.0 = Release|Any CPU
		{E65CFCAE-2197-4FA7-8947-99FD5281F168}.Release|x64.ActiveCfg = Release|Any CPU
		{E65CFCAE-2197-4FA7-8947-99FD5281F168}.Release|x64.Build.0 = Release|Any CPU
		{E65CFCAE-2197-4FA7-8947-99FD5281F168}.Release|x86.ActiveCfg = Release|Any CPU
		{E65CFCAE-2197-4FA7-8947-99FD5281F168}.Release|x86.Build.0 = Release|Any CPU
		{A89D05B9-6CDE-4B3E-AD6A-36BCA0376D0F}.Debug|Any CPU.ActiveCfg = Debug|Any CPU
		{A89D05B9-6CDE-4B3E-AD6A-36BCA0376D0F}.Debug|Any CPU.Build.0 = Debug|Any CPU
		{A89D05B9-6CDE-4B3E-AD6A-36BCA0376D0F}.Debug|x64.ActiveCfg = Debug|Any CPU
		{A89D05B9-6CDE-4B3E-AD6A-36BCA0376D0F}.Debug|x64.Build.0 = Debug|Any CPU
		{A89D05B9-6CDE-4B3E-AD6A-36BCA0376D0F}.Debug|x86.ActiveCfg = Debug|Any CPU
		{A89D05B9-6CDE-4B3E-AD6A-36BCA0376D0F}.Debug|x86.Build.0 = Debug|Any CPU
		{A89D05B9-6CDE-4B3E-AD6A-36BCA0376D0F}.Release|Any CPU.ActiveCfg = Release|Any CPU
		{A89D05B9-6CDE-4B3E-AD6A-36BCA0376D0F}.Release|Any CPU.Build.0 = Release|Any CPU
		{A89D05B9-6CDE-4B3E-AD6A-36BCA0376D0F}.Release|x64.ActiveCfg = Release|Any CPU
		{A89D05B9-6CDE-4B3E-AD6A-36BCA0376D0F}.Release|x64.Build.0 = Release|Any CPU
		{A89D05B9-6CDE-4B3E-AD6A-36BCA0376D0F}.Release|x86.ActiveCfg = Release|Any CPU
		{A89D05B9-6CDE-4B3E-AD6A-36BCA0376D0F}.Release|x86.Build.0 = Release|Any CPU
		{4E17CE29-7420-498E-BAC0-18326C2C0958}.Debug|Any CPU.ActiveCfg = Debug|Any CPU
		{4E17CE29-7420-498E-BAC0-18326C2C0958}.Debug|Any CPU.Build.0 = Debug|Any CPU
		{4E17CE29-7420-498E-BAC0-18326C2C0958}.Debug|x64.ActiveCfg = Debug|Any CPU
		{4E17CE29-7420-498E-BAC0-18326C2C0958}.Debug|x64.Build.0 = Debug|Any CPU
		{4E17CE29-7420-498E-BAC0-18326C2C0958}.Debug|x86.ActiveCfg = Debug|Any CPU
		{4E17CE29-7420-498E-BAC0-18326C2C0958}.Debug|x86.Build.0 = Debug|Any CPU
		{4E17CE29-7420-498E-BAC0-18326C2C0958}.Release|Any CPU.ActiveCfg = Release|Any CPU
		{4E17CE29-7420-498E-BAC0-18326C2C0958}.Release|Any CPU.Build.0 = Release|Any CPU
		{4E17CE29-7420-498E-BAC0-18326C2C0958}.Release|x64.ActiveCfg = Release|Any CPU
		{4E17CE29-7420-498E-BAC0-18326C2C0958}.Release|x64.Build.0 = Release|Any CPU
		{4E17CE29-7420-498E-BAC0-18326C2C0958}.Release|x86.ActiveCfg = Release|Any CPU
		{4E17CE29-7420-498E-BAC0-18326C2C0958}.Release|x86.Build.0 = Release|Any CPU
		{674B8E85-31FA-4A1C-8F0F-7CA144FE53B1}.Debug|Any CPU.ActiveCfg = Debug|Any CPU
		{674B8E85-31FA-4A1C-8F0F-7CA144FE53B1}.Debug|Any CPU.Build.0 = Debug|Any CPU
		{674B8E85-31FA-4A1C-8F0F-7CA144FE53B1}.Debug|x64.ActiveCfg = Debug|Any CPU
		{674B8E85-31FA-4A1C-8F0F-7CA144FE53B1}.Debug|x64.Build.0 = Debug|Any CPU
		{674B8E85-31FA-4A1C-8F0F-7CA144FE53B1}.Debug|x86.ActiveCfg = Debug|Any CPU
		{674B8E85-31FA-4A1C-8F0F-7CA144FE53B1}.Debug|x86.Build.0 = Debug|Any CPU
		{674B8E85-31FA-4A1C-8F0F-7CA144FE53B1}.Release|Any CPU.ActiveCfg = Release|Any CPU
		{674B8E85-31FA-4A1C-8F0F-7CA144FE53B1}.Release|Any CPU.Build.0 = Release|Any CPU
		{674B8E85-31FA-4A1C-8F0F-7CA144FE53B1}.Release|x64.ActiveCfg = Release|Any CPU
		{674B8E85-31FA-4A1C-8F0F-7CA144FE53B1}.Release|x64.Build.0 = Release|Any CPU
		{674B8E85-31FA-4A1C-8F0F-7CA144FE53B1}.Release|x86.ActiveCfg = Release|Any CPU
		{674B8E85-31FA-4A1C-8F0F-7CA144FE53B1}.Release|x86.Build.0 = Release|Any CPU
		{0832CC1B-7DE9-4D92-A9CA-E0FA6BA1C091}.Debug|Any CPU.ActiveCfg = Debug|Any CPU
		{0832CC1B-7DE9-4D92-A9CA-E0FA6BA1C091}.Debug|Any CPU.Build.0 = Debug|Any CPU
		{0832CC1B-7DE9-4D92-A9CA-E0FA6BA1C091}.Debug|x64.ActiveCfg = Debug|Any CPU
		{0832CC1B-7DE9-4D92-A9CA-E0FA6BA1C091}.Debug|x64.Build.0 = Debug|Any CPU
		{0832CC1B-7DE9-4D92-A9CA-E0FA6BA1C091}.Debug|x86.ActiveCfg = Debug|Any CPU
		{0832CC1B-7DE9-4D92-A9CA-E0FA6BA1C091}.Debug|x86.Build.0 = Debug|Any CPU
		{0832CC1B-7DE9-4D92-A9CA-E0FA6BA1C091}.Release|Any CPU.ActiveCfg = Release|Any CPU
		{0832CC1B-7DE9-4D92-A9CA-E0FA6BA1C091}.Release|Any CPU.Build.0 = Release|Any CPU
		{0832CC1B-7DE9-4D92-A9CA-E0FA6BA1C091}.Release|x64.ActiveCfg = Release|Any CPU
		{0832CC1B-7DE9-4D92-A9CA-E0FA6BA1C091}.Release|x64.Build.0 = Release|Any CPU
		{0832CC1B-7DE9-4D92-A9CA-E0FA6BA1C091}.Release|x86.ActiveCfg = Release|Any CPU
		{0832CC1B-7DE9-4D92-A9CA-E0FA6BA1C091}.Release|x86.Build.0 = Release|Any CPU
		{D6CA6A04-4A2A-4D73-AB8B-43EC18714C11}.Debug|Any CPU.ActiveCfg = Debug|Any CPU
		{D6CA6A04-4A2A-4D73-AB8B-43EC18714C11}.Debug|Any CPU.Build.0 = Debug|Any CPU
		{D6CA6A04-4A2A-4D73-AB8B-43EC18714C11}.Debug|x64.ActiveCfg = Debug|Any CPU
		{D6CA6A04-4A2A-4D73-AB8B-43EC18714C11}.Debug|x64.Build.0 = Debug|Any CPU
		{D6CA6A04-4A2A-4D73-AB8B-43EC18714C11}.Debug|x86.ActiveCfg = Debug|Any CPU
		{D6CA6A04-4A2A-4D73-AB8B-43EC18714C11}.Debug|x86.Build.0 = Debug|Any CPU
		{D6CA6A04-4A2A-4D73-AB8B-43EC18714C11}.Release|Any CPU.ActiveCfg = Release|Any CPU
		{D6CA6A04-4A2A-4D73-AB8B-43EC18714C11}.Release|Any CPU.Build.0 = Release|Any CPU
		{D6CA6A04-4A2A-4D73-AB8B-43EC18714C11}.Release|x64.ActiveCfg = Release|Any CPU
		{D6CA6A04-4A2A-4D73-AB8B-43EC18714C11}.Release|x64.Build.0 = Release|Any CPU
		{D6CA6A04-4A2A-4D73-AB8B-43EC18714C11}.Release|x86.ActiveCfg = Release|Any CPU
		{D6CA6A04-4A2A-4D73-AB8B-43EC18714C11}.Release|x86.Build.0 = Release|Any CPU
		{8D9143A9-00CB-4A87-A93D-570A33B6307E}.Debug|Any CPU.ActiveCfg = Debug|Any CPU
		{8D9143A9-00CB-4A87-A93D-570A33B6307E}.Debug|Any CPU.Build.0 = Debug|Any CPU
		{8D9143A9-00CB-4A87-A93D-570A33B6307E}.Debug|x64.ActiveCfg = Debug|Any CPU
		{8D9143A9-00CB-4A87-A93D-570A33B6307E}.Debug|x64.Build.0 = Debug|Any CPU
		{8D9143A9-00CB-4A87-A93D-570A33B6307E}.Debug|x86.ActiveCfg = Debug|Any CPU
		{8D9143A9-00CB-4A87-A93D-570A33B6307E}.Debug|x86.Build.0 = Debug|Any CPU
		{8D9143A9-00CB-4A87-A93D-570A33B6307E}.Release|Any CPU.ActiveCfg = Release|Any CPU
		{8D9143A9-00CB-4A87-A93D-570A33B6307E}.Release|Any CPU.Build.0 = Release|Any CPU
		{8D9143A9-00CB-4A87-A93D-570A33B6307E}.Release|x64.ActiveCfg = Release|Any CPU
		{8D9143A9-00CB-4A87-A93D-570A33B6307E}.Release|x64.Build.0 = Release|Any CPU
		{8D9143A9-00CB-4A87-A93D-570A33B6307E}.Release|x86.ActiveCfg = Release|Any CPU
		{8D9143A9-00CB-4A87-A93D-570A33B6307E}.Release|x86.Build.0 = Release|Any CPU
		{F9576A4C-81AA-4F56-AF74-FA149B9B274E}.Debug|Any CPU.ActiveCfg = Debug|Any CPU
		{F9576A4C-81AA-4F56-AF74-FA149B9B274E}.Debug|Any CPU.Build.0 = Debug|Any CPU
		{F9576A4C-81AA-4F56-AF74-FA149B9B274E}.Debug|x64.ActiveCfg = Debug|Any CPU
		{F9576A4C-81AA-4F56-AF74-FA149B9B274E}.Debug|x64.Build.0 = Debug|Any CPU
		{F9576A4C-81AA-4F56-AF74-FA149B9B274E}.Debug|x86.ActiveCfg = Debug|Any CPU
		{F9576A4C-81AA-4F56-AF74-FA149B9B274E}.Debug|x86.Build.0 = Debug|Any CPU
		{F9576A4C-81AA-4F56-AF74-FA149B9B274E}.Release|Any CPU.ActiveCfg = Release|Any CPU
		{F9576A4C-81AA-4F56-AF74-FA149B9B274E}.Release|Any CPU.Build.0 = Release|Any CPU
		{F9576A4C-81AA-4F56-AF74-FA149B9B274E}.Release|x64.ActiveCfg = Release|Any CPU
		{F9576A4C-81AA-4F56-AF74-FA149B9B274E}.Release|x64.Build.0 = Release|Any CPU
		{F9576A4C-81AA-4F56-AF74-FA149B9B274E}.Release|x86.ActiveCfg = Release|Any CPU
		{F9576A4C-81AA-4F56-AF74-FA149B9B274E}.Release|x86.Build.0 = Release|Any CPU
		{2FAC46A3-191F-4C12-9F9A-88E735079887}.Debug|Any CPU.ActiveCfg = Debug|Any CPU
		{2FAC46A3-191F-4C12-9F9A-88E735079887}.Debug|Any CPU.Build.0 = Debug|Any CPU
		{2FAC46A3-191F-4C12-9F9A-88E735079887}.Debug|x64.ActiveCfg = Debug|Any CPU
		{2FAC46A3-191F-4C12-9F9A-88E735079887}.Debug|x64.Build.0 = Debug|Any CPU
		{2FAC46A3-191F-4C12-9F9A-88E735079887}.Debug|x86.ActiveCfg = Debug|Any CPU
		{2FAC46A3-191F-4C12-9F9A-88E735079887}.Debug|x86.Build.0 = Debug|Any CPU
		{2FAC46A3-191F-4C12-9F9A-88E735079887}.Release|Any CPU.ActiveCfg = Release|Any CPU
		{2FAC46A3-191F-4C12-9F9A-88E735079887}.Release|Any CPU.Build.0 = Release|Any CPU
		{2FAC46A3-191F-4C12-9F9A-88E735079887}.Release|x64.ActiveCfg = Release|Any CPU
		{2FAC46A3-191F-4C12-9F9A-88E735079887}.Release|x64.Build.0 = Release|Any CPU
		{2FAC46A3-191F-4C12-9F9A-88E735079887}.Release|x86.ActiveCfg = Release|Any CPU
		{2FAC46A3-191F-4C12-9F9A-88E735079887}.Release|x86.Build.0 = Release|Any CPU
		{96C17F9C-80DB-43AD-B12B-2E69F1ABF541}.Debug|Any CPU.ActiveCfg = Debug|Any CPU
		{96C17F9C-80DB-43AD-B12B-2E69F1ABF541}.Debug|Any CPU.Build.0 = Debug|Any CPU
		{96C17F9C-80DB-43AD-B12B-2E69F1ABF541}.Debug|x64.ActiveCfg = Debug|Any CPU
		{96C17F9C-80DB-43AD-B12B-2E69F1ABF541}.Debug|x64.Build.0 = Debug|Any CPU
		{96C17F9C-80DB-43AD-B12B-2E69F1ABF541}.Debug|x86.ActiveCfg = Debug|Any CPU
		{96C17F9C-80DB-43AD-B12B-2E69F1ABF541}.Debug|x86.Build.0 = Debug|Any CPU
		{96C17F9C-80DB-43AD-B12B-2E69F1ABF541}.Release|Any CPU.ActiveCfg = Release|Any CPU
		{96C17F9C-80DB-43AD-B12B-2E69F1ABF541}.Release|Any CPU.Build.0 = Release|Any CPU
		{96C17F9C-80DB-43AD-B12B-2E69F1ABF541}.Release|x64.ActiveCfg = Release|Any CPU
		{96C17F9C-80DB-43AD-B12B-2E69F1ABF541}.Release|x64.Build.0 = Release|Any CPU
		{96C17F9C-80DB-43AD-B12B-2E69F1ABF541}.Release|x86.ActiveCfg = Release|Any CPU
		{96C17F9C-80DB-43AD-B12B-2E69F1ABF541}.Release|x86.Build.0 = Release|Any CPU
		{AB505F04-D11B-4905-909B-23BC52DB19FE}.Debug|Any CPU.ActiveCfg = Debug|Any CPU
		{AB505F04-D11B-4905-909B-23BC52DB19FE}.Debug|Any CPU.Build.0 = Debug|Any CPU
		{AB505F04-D11B-4905-909B-23BC52DB19FE}.Debug|x64.ActiveCfg = Debug|Any CPU
		{AB505F04-D11B-4905-909B-23BC52DB19FE}.Debug|x64.Build.0 = Debug|Any CPU
		{AB505F04-D11B-4905-909B-23BC52DB19FE}.Debug|x86.ActiveCfg = Debug|Any CPU
		{AB505F04-D11B-4905-909B-23BC52DB19FE}.Debug|x86.Build.0 = Debug|Any CPU
		{AB505F04-D11B-4905-909B-23BC52DB19FE}.Release|Any CPU.ActiveCfg = Release|Any CPU
		{AB505F04-D11B-4905-909B-23BC52DB19FE}.Release|Any CPU.Build.0 = Release|Any CPU
		{AB505F04-D11B-4905-909B-23BC52DB19FE}.Release|x64.ActiveCfg = Release|Any CPU
		{AB505F04-D11B-4905-909B-23BC52DB19FE}.Release|x64.Build.0 = Release|Any CPU
		{AB505F04-D11B-4905-909B-23BC52DB19FE}.Release|x86.ActiveCfg = Release|Any CPU
		{AB505F04-D11B-4905-909B-23BC52DB19FE}.Release|x86.Build.0 = Release|Any CPU
		{43FB226F-9DBD-4F28-BD86-ADB4337AC8C6}.Debug|Any CPU.ActiveCfg = Debug|Any CPU
		{43FB226F-9DBD-4F28-BD86-ADB4337AC8C6}.Debug|Any CPU.Build.0 = Debug|Any CPU
		{43FB226F-9DBD-4F28-BD86-ADB4337AC8C6}.Debug|x64.ActiveCfg = Debug|Any CPU
		{43FB226F-9DBD-4F28-BD86-ADB4337AC8C6}.Debug|x64.Build.0 = Debug|Any CPU
		{43FB226F-9DBD-4F28-BD86-ADB4337AC8C6}.Debug|x86.ActiveCfg = Debug|Any CPU
		{43FB226F-9DBD-4F28-BD86-ADB4337AC8C6}.Debug|x86.Build.0 = Debug|Any CPU
		{43FB226F-9DBD-4F28-BD86-ADB4337AC8C6}.Release|Any CPU.ActiveCfg = Release|Any CPU
		{43FB226F-9DBD-4F28-BD86-ADB4337AC8C6}.Release|Any CPU.Build.0 = Release|Any CPU
		{43FB226F-9DBD-4F28-BD86-ADB4337AC8C6}.Release|x64.ActiveCfg = Release|Any CPU
		{43FB226F-9DBD-4F28-BD86-ADB4337AC8C6}.Release|x64.Build.0 = Release|Any CPU
		{43FB226F-9DBD-4F28-BD86-ADB4337AC8C6}.Release|x86.ActiveCfg = Release|Any CPU
		{43FB226F-9DBD-4F28-BD86-ADB4337AC8C6}.Release|x86.Build.0 = Release|Any CPU
	EndGlobalSection
	GlobalSection(SolutionProperties) = preSolution
		HideSolutionNode = FALSE
	EndGlobalSection
	GlobalSection(ExtensibilityGlobals) = postSolution
		SolutionGuid = {8D403683-2F13-4D54-B8B9-DECD269D083F}
	EndGlobalSection
EndGlobal
