
Microsoft Visual Studio Solution File, Format Version 12.00
# Visual Studio Version 16
VisualStudioVersion = 16.0.30804.86
MinimumVisualStudioVersion = 10.0.40219.1
Project("{9A19103F-16F7-4668-BE54-9A1E7A4F7556}") = "_38_DB_Student", "_38_DB_Student.csproj", "{63CC2102-2CBC-4E7F-82FF-343099B823C9}"
EndProject
Global
	GlobalSection(SolutionConfigurationPlatforms) = preSolution
		Debug|Any CPU = Debug|Any CPU
		Release|Any CPU = Release|Any CPU
	EndGlobalSection
	GlobalSection(ProjectConfigurationPlatforms) = postSolution
		{63CC2102-2CBC-4E7F-82FF-343099B823C9}.Debug|Any CPU.ActiveCfg = Debug|Any CPU
		{63CC2102-2CBC-4E7F-82FF-343099B823C9}.Debug|Any CPU.Build.0 = Debug|Any CPU
		{63CC2102-2CBC-4E7F-82FF-343099B823C9}.Release|Any CPU.ActiveCfg = Release|Any CPU
		{63CC2102-2CBC-4E7F-82FF-343099B823C9}.Release|Any CPU.Build.0 = Release|Any CPU
	EndGlobalSection
	GlobalSection(SolutionProperties) = preSolution
		HideSolutionNode = FALSE
	EndGlobalSection
	GlobalSection(ExtensibilityGlobals) = postSolution
		SolutionGuid = {1F622C05-2077-4F4A-BE49-37C7F0E713A6}
	EndGlobalSection
EndGlobal
