
Microsoft Visual Studio Solution File, Format Version 12.00
# Visual Studio Version 16
VisualStudioVersion = 16.0.30804.86
MinimumVisualStudioVersion = 10.0.40219.1
Project("{9A19103F-16F7-4668-BE54-9A1E7A4F7556}") = "_36_MultiThreadServerForm", "_36_MultiThreadServerForm.csproj", "{40AC582C-874B-496E-851F-DD68F84A41A7}"
EndProject
Global
	GlobalSection(SolutionConfigurationPlatforms) = preSolution
		Debug|Any CPU = Debug|Any CPU
		Release|Any CPU = Release|Any CPU
	EndGlobalSection
	GlobalSection(ProjectConfigurationPlatforms) = postSolution
		{40AC582C-874B-496E-851F-DD68F84A41A7}.Debug|Any CPU.ActiveCfg = Debug|Any CPU
		{40AC582C-874B-496E-851F-DD68F84A41A7}.Debug|Any CPU.Build.0 = Debug|Any CPU
		{40AC582C-874B-496E-851F-DD68F84A41A7}.Release|Any CPU.ActiveCfg = Release|Any CPU
		{40AC582C-874B-496E-851F-DD68F84A41A7}.Release|Any CPU.Build.0 = Release|Any CPU
	EndGlobalSection
	GlobalSection(SolutionProperties) = preSolution
		HideSolutionNode = FALSE
	EndGlobalSection
	GlobalSection(ExtensibilityGlobals) = postSolution
		SolutionGuid = {A37468C5-789D-42CA-B8A9-20EF3D08BFA7}
	EndGlobalSection
EndGlobal
